
Microsoft Visual Studio Solution File, Format Version 12.00
# Visual Studio 14
VisualStudioVersion = 14.0.25420.1
MinimumVisualStudioVersion = 10.0.40219.1
Project("{2150E333-8FDC-42A3-9474-1A3956D46DE8}") = "Base Layer", "Base Layer", "{3FD77652-1CF8-4A2A-BF32-29C8369916DA}"
EndProject
Project("{2150E333-8FDC-42A3-9474-1A3956D46DE8}") = ".nuget", ".nuget", "{232A112E-F203-499F-87F1-2CAC2156519E}"
	ProjectSection(SolutionItems) = preProject
		.nuget\NuGet.Config = .nuget\NuGet.Config
		.nuget\NuGet.exe = .nuget\NuGet.exe
		.nuget\NuGet.targets = .nuget\NuGet.targets
	EndProjectSection
EndProject
Project("{2150E333-8FDC-42A3-9474-1A3956D46DE8}") = "Product Layer", "Product Layer", "{98BBC522-A167-4A97-838E-23E4F69A7567}"
EndProject
Project("{F184B08F-C81C-45F6-A57F-5ABD9991F28F}") = "AfsApi", "..\..\Modules\KSW.AFS\AfsApi\AfsApi.vbproj", "{8ADA9D95-81C9-48A7-B869-428F19EA49F6}"
EndProject
Project("{F184B08F-C81C-45F6-A57F-5ABD9991F28F}") = "AfsCommonDemo (Notepad)", "..\..\Modules\KSW.AFS\AfsCommonDemo\AfsCommonDemo (Notepad).vbproj", "{131F214A-C319-4153-A1B2-5187540E70A2}"
EndProject
Project("{F184B08F-C81C-45F6-A57F-5ABD9991F28F}") = "AfsCommonProviders", "..\..\Modules\KSW.AFS\AfsCommonProviders\AfsCommonProviders.vbproj", "{B9FA6B20-DBDE-43C4-A3E1-EA0C55581C3A}"
EndProject
Project("{F184B08F-C81C-45F6-A57F-5ABD9991F28F}") = "AfsKernel", "..\..\Modules\KSW.AFS\AfsKernel\AfsKernel.vbproj", "{A477BDE5-3D65-4027-90C7-C2574B1297BD}"
EndProject
Project("{F184B08F-C81C-45F6-A57F-5ABD9991F28F}") = "AfsServer", "..\..\Modules\KSW.AFS\AfsServer\AfsServer.vbproj", "{B54D8F42-E28A-49CA-935D-E55B47781898}"
EndProject
Project("{F184B08F-C81C-45F6-A57F-5ABD9991F28F}") = "HttpsFsAdapterA", "..\..\Modules\KSW.AFS\HttpsFsAdapterA\HttpsFsAdapterA.vbproj", "{AC06D2C8-1446-4D2A-8D5E-485606196F47}"
EndProject
Project("{2150E333-8FDC-42A3-9474-1A3956D46DE8}") = "Module Layer", "Module Layer", "{FE81B7CB-971B-412C-9C5F-0B66BF1128A5}"
EndProject
Project("{2150E333-8FDC-42A3-9474-1A3956D46DE8}") = "(ClosedSource part)", "(ClosedSource part)", "{967F998C-5B48-4F00-B818-3E2771173E6C}"
EndProject
Project("{F184B08F-C81C-45F6-A57F-5ABD9991F28F}") = "AfsFtpService", "AfsFtpService.vbproj", "{F2B0344E-BE93-4A19-BBAE-F6EFB6B58C2C}"
EndProject
Project("{2150E333-8FDC-42A3-9474-1A3956D46DE8}") = "AFS FTP Server Service (for AFS)", "AFS FTP Server Service (for AFS)", "{858D516E-D031-4ECE-9A7E-CAC1DEAB51E5}"
EndProject
Project("{F184B08F-C81C-45F6-A57F-5ABD9991F28F}") = "AfsFtpServiceAPI", "API\AfsFtpServiceAPI.vbproj", "{52393947-481C-415B-B49E-86F6A1A18047}"
EndProject
Project("{2150E333-8FDC-42A3-9474-1A3956D46DE8}") = "AFS TrayBrowser", "AFS TrayBrowser", "{6A64C536-B5F3-4070-AB69-531C587E5C36}"
EndProject
Project("{2150E333-8FDC-42A3-9474-1A3956D46DE8}") = "(OpenSource part)", "(OpenSource part)", "{BEB084D7-781E-47A1-AA4C-565438EC121F}"
EndProject
Project("{F184B08F-C81C-45F6-A57F-5ABD9991F28F}") = "AfsTrayBrowser", "..\..\Modules\KSW.AFS\AfsTrayBrowser\AfsTrayBrowser.vbproj", "{75894E81-8943-4891-ADF3-14DC0FAFD1C6}"
EndProject
Project("{FAE04EC0-301F-11D3-BF4B-00C04F79EFBC}") = "SharpShell", "..\..\Modules\OpenSource.SharpShell\SharpShell\SharpShell\SharpShell.csproj", "{B5D5F670-BFBA-4D09-91C6-74BB12B7EDD4}"
EndProject
Project("{2150E333-8FDC-42A3-9474-1A3956D46DE8}") = "Libraries", "Libraries", "{792FE94C-26FC-49CE-BB8F-F8BEE615A836}"
EndProject
Project("{2150E333-8FDC-42A3-9474-1A3956D46DE8}") = "AFS HTTP WebService (for AFS)", "AFS HTTP WebService (for AFS)", "{5856D9CA-E918-4635-9335-F79B86F20FA9}"
EndProject
Project("{2150E333-8FDC-42A3-9474-1A3956D46DE8}") = "ExplorerMountUtil (for AFS)", "ExplorerMountUtil (for AFS)", "{C3D6C9F0-273C-46D0-AF63-95F22D56EF11}"
EndProject
Project("{2150E333-8FDC-42A3-9474-1A3956D46DE8}") = "FTP Server Engine", "FTP Server Engine", "{1BD8A40E-9AFC-4FF4-ACAC-31779BAD4626}"
EndProject
Project("{2150E333-8FDC-42A3-9474-1A3956D46DE8}") = "Clientprovider for HFS", "Clientprovider for HFS", "{24532187-A4BE-4F14-B969-3B02D25616E0}"
EndProject
Project("{2150E333-8FDC-42A3-9474-1A3956D46DE8}") = "FTP Adapter for AFS Bridging", "FTP Adapter for AFS Bridging", "{2ADF4F8B-C2EC-45B6-A303-1B33886B1982}"
EndProject
Project("{2150E333-8FDC-42A3-9474-1A3956D46DE8}") = "Webbridge", "Webbridge", "{F779677F-CE19-457D-BDE7-40F4CB6730A5}"
EndProject
Project("{2150E333-8FDC-42A3-9474-1A3956D46DE8}") = "(other)", "(other)", "{9C750D7B-5FC4-4192-A313-E4312F38370E}"
EndProject
Project("{F184B08F-C81C-45F6-A57F-5ABD9991F28F}") = "AfsApi.WinForms", "..\..\Modules\KSW.AFS\AfsApi.WinForms\AfsApi.WinForms.vbproj", "{0615C6B1-802C-4BAF-9D74-909BEEDD1AF7}"
EndProject
Project("{F184B08F-C81C-45F6-A57F-5ABD9991F28F}") = "AfsWebBridge (ASP)", "..\..\Modules\KSW.AFS\AfsAspWebService\AfsWebBridge (ASP).vbproj", "{CD8E53D2-B177-494B-AE08-1CEEF98E43D8}"
EndProject
Project("{F184B08F-C81C-45F6-A57F-5ABD9991F28F}") = "AfsWebBridge", "..\..\Modules\KSW.AFS\AfsWebService\AfsWebBridge.vbproj", "{53981EF3-4DFA-418E-861A-A45CBCC61BE1}"
EndProject
Project("{F184B08F-C81C-45F6-A57F-5ABD9991F28F}") = "WebbridgeTester", "..\WebbridgeTester\WebbridgeTester.vbproj", "{6ACEA782-B548-472B-8F47-CA0A9BCE5B2D}"
EndProject
Project("{2150E333-8FDC-42A3-9474-1A3956D46DE8}") = "AFS", "AFS", "{5833F579-8DFF-4095-80A2-28E292524859}"
EndProject
Project("{2150E333-8FDC-42A3-9474-1A3956D46DE8}") = "AFS", "AFS", "{77966E42-9AF9-4840-9EFD-0198707CB20D}"
EndProject
Project("{2150E333-8FDC-42A3-9474-1A3956D46DE8}") = "OpenCollab", "OpenCollab", "{C2031C61-BA04-409A-BC78-42DF6CCD3D3F}"
EndProject
Project("{FAE04EC0-301F-11D3-BF4B-00C04F79EFBC}") = "SharpFtpServer", "..\..\Modules\OpenSource.SharpFtpServer\SharpFtpServer\SharpFtpServer.csproj", "{EA31F646-F757-4436-B3D2-D54AE82DB920}"
EndProject
Project("{F184B08F-C81C-45F6-A57F-5ABD9991F28F}") = "KSW.FtpServerEngine", "..\..\Modules\OpenSource.SharpFtpServer\ConsoleApplication1\KSW.FtpServerEngine.vbproj", "{BE13B5C8-1E9F-400A-ABF8-63D163698A5E}"
EndProject
Project("{2150E333-8FDC-42A3-9474-1A3956D46DE8}") = "(OpenSource)", "(OpenSource)", "{847A5762-FA3F-4360-A0F5-045F0635C1C3}"
EndProject
Global
	GlobalSection(SolutionConfigurationPlatforms) = preSolution
		Build|Any CPU = Build|Any CPU
		Build|Mixed Platforms = Build|Mixed Platforms
		Build|x64 = Build|x64
		Build|x86 = Build|x86
		Debug|Any CPU = Debug|Any CPU
		Debug|Mixed Platforms = Debug|Mixed Platforms
		Debug|x64 = Debug|x64
		Debug|x86 = Debug|x86
		Release|Any CPU = Release|Any CPU
		Release|Mixed Platforms = Release|Mixed Platforms
		Release|x64 = Release|x64
		Release|x86 = Release|x86
		UnitTests|Any CPU = UnitTests|Any CPU
		UnitTests|Mixed Platforms = UnitTests|Mixed Platforms
		UnitTests|x64 = UnitTests|x64
		UnitTests|x86 = UnitTests|x86
	EndGlobalSection
	GlobalSection(ProjectConfigurationPlatforms) = postSolution
		{8ADA9D95-81C9-48A7-B869-428F19EA49F6}.Build|Any CPU.ActiveCfg = Release|Any CPU
		{8ADA9D95-81C9-48A7-B869-428F19EA49F6}.Build|Mixed Platforms.ActiveCfg = Release|Any CPU
		{8ADA9D95-81C9-48A7-B869-428F19EA49F6}.Build|x64.ActiveCfg = Release|Any CPU
		{8ADA9D95-81C9-48A7-B869-428F19EA49F6}.Build|x86.ActiveCfg = Release|Any CPU
		{8ADA9D95-81C9-48A7-B869-428F19EA49F6}.Debug|Any CPU.ActiveCfg = Debug|Any CPU
		{8ADA9D95-81C9-48A7-B869-428F19EA49F6}.Debug|Any CPU.Build.0 = Debug|Any CPU
		{8ADA9D95-81C9-48A7-B869-428F19EA49F6}.Debug|Mixed Platforms.ActiveCfg = Debug|Any CPU
		{8ADA9D95-81C9-48A7-B869-428F19EA49F6}.Debug|Mixed Platforms.Build.0 = Debug|Any CPU
		{8ADA9D95-81C9-48A7-B869-428F19EA49F6}.Debug|x64.ActiveCfg = Debug|Any CPU
		{8ADA9D95-81C9-48A7-B869-428F19EA49F6}.Debug|x86.ActiveCfg = Debug|Any CPU
		{8ADA9D95-81C9-48A7-B869-428F19EA49F6}.Release|Any CPU.ActiveCfg = Release|Any CPU
		{8ADA9D95-81C9-48A7-B869-428F19EA49F6}.Release|Any CPU.Build.0 = Release|Any CPU
		{8ADA9D95-81C9-48A7-B869-428F19EA49F6}.Release|Mixed Platforms.ActiveCfg = Release|Any CPU
		{8ADA9D95-81C9-48A7-B869-428F19EA49F6}.Release|Mixed Platforms.Build.0 = Release|Any CPU
		{8ADA9D95-81C9-48A7-B869-428F19EA49F6}.Release|x64.ActiveCfg = Release|Any CPU
		{8ADA9D95-81C9-48A7-B869-428F19EA49F6}.Release|x86.ActiveCfg = Release|Any CPU
		{8ADA9D95-81C9-48A7-B869-428F19EA49F6}.UnitTests|Any CPU.ActiveCfg = Release|Any CPU
		{8ADA9D95-81C9-48A7-B869-428F19EA49F6}.UnitTests|Mixed Platforms.ActiveCfg = Release|Any CPU
		{8ADA9D95-81C9-48A7-B869-428F19EA49F6}.UnitTests|x64.ActiveCfg = Release|Any CPU
		{8ADA9D95-81C9-48A7-B869-428F19EA49F6}.UnitTests|x86.ActiveCfg = Release|Any CPU
		{131F214A-C319-4153-A1B2-5187540E70A2}.Build|Any CPU.ActiveCfg = Release|Any CPU
		{131F214A-C319-4153-A1B2-5187540E70A2}.Build|Mixed Platforms.ActiveCfg = Release|Any CPU
		{131F214A-C319-4153-A1B2-5187540E70A2}.Build|x64.ActiveCfg = Release|Any CPU
		{131F214A-C319-4153-A1B2-5187540E70A2}.Build|x86.ActiveCfg = Release|Any CPU
		{131F214A-C319-4153-A1B2-5187540E70A2}.Debug|Any CPU.ActiveCfg = Debug|Any CPU
		{131F214A-C319-4153-A1B2-5187540E70A2}.Debug|Any CPU.Build.0 = Debug|Any CPU
		{131F214A-C319-4153-A1B2-5187540E70A2}.Debug|Mixed Platforms.ActiveCfg = Debug|Any CPU
		{131F214A-C319-4153-A1B2-5187540E70A2}.Debug|Mixed Platforms.Build.0 = Debug|Any CPU
		{131F214A-C319-4153-A1B2-5187540E70A2}.Debug|x64.ActiveCfg = Debug|Any CPU
		{131F214A-C319-4153-A1B2-5187540E70A2}.Debug|x86.ActiveCfg = Debug|Any CPU
		{131F214A-C319-4153-A1B2-5187540E70A2}.Release|Any CPU.ActiveCfg = Release|Any CPU
		{131F214A-C319-4153-A1B2-5187540E70A2}.Release|Any CPU.Build.0 = Release|Any CPU
		{131F214A-C319-4153-A1B2-5187540E70A2}.Release|Mixed Platforms.ActiveCfg = Release|Any CPU
		{131F214A-C319-4153-A1B2-5187540E70A2}.Release|Mixed Platforms.Build.0 = Release|Any CPU
		{131F214A-C319-4153-A1B2-5187540E70A2}.Release|x64.ActiveCfg = Release|Any CPU
		{131F214A-C319-4153-A1B2-5187540E70A2}.Release|x86.ActiveCfg = Release|Any CPU
		{131F214A-C319-4153-A1B2-5187540E70A2}.UnitTests|Any CPU.ActiveCfg = Release|Any CPU
		{131F214A-C319-4153-A1B2-5187540E70A2}.UnitTests|Mixed Platforms.ActiveCfg = Release|Any CPU
		{131F214A-C319-4153-A1B2-5187540E70A2}.UnitTests|x64.ActiveCfg = Release|Any CPU
		{131F214A-C319-4153-A1B2-5187540E70A2}.UnitTests|x86.ActiveCfg = Release|Any CPU
		{B9FA6B20-DBDE-43C4-A3E1-EA0C55581C3A}.Build|Any CPU.ActiveCfg = Release|Any CPU
		{B9FA6B20-DBDE-43C4-A3E1-EA0C55581C3A}.Build|Mixed Platforms.ActiveCfg = Release|Any CPU
		{B9FA6B20-DBDE-43C4-A3E1-EA0C55581C3A}.Build|x64.ActiveCfg = Release|Any CPU
		{B9FA6B20-DBDE-43C4-A3E1-EA0C55581C3A}.Build|x86.ActiveCfg = Release|Any CPU
		{B9FA6B20-DBDE-43C4-A3E1-EA0C55581C3A}.Debug|Any CPU.ActiveCfg = Debug|Any CPU
		{B9FA6B20-DBDE-43C4-A3E1-EA0C55581C3A}.Debug|Any CPU.Build.0 = Debug|Any CPU
		{B9FA6B20-DBDE-43C4-A3E1-EA0C55581C3A}.Debug|Mixed Platforms.ActiveCfg = Debug|Any CPU
		{B9FA6B20-DBDE-43C4-A3E1-EA0C55581C3A}.Debug|Mixed Platforms.Build.0 = Debug|Any CPU
		{B9FA6B20-DBDE-43C4-A3E1-EA0C55581C3A}.Debug|x64.ActiveCfg = Debug|Any CPU
		{B9FA6B20-DBDE-43C4-A3E1-EA0C55581C3A}.Debug|x86.ActiveCfg = Debug|Any CPU
		{B9FA6B20-DBDE-43C4-A3E1-EA0C55581C3A}.Release|Any CPU.ActiveCfg = Release|Any CPU
		{B9FA6B20-DBDE-43C4-A3E1-EA0C55581C3A}.Release|Any CPU.Build.0 = Release|Any CPU
		{B9FA6B20-DBDE-43C4-A3E1-EA0C55581C3A}.Release|Mixed Platforms.ActiveCfg = Release|Any CPU
		{B9FA6B20-DBDE-43C4-A3E1-EA0C55581C3A}.Release|Mixed Platforms.Build.0 = Release|Any CPU
		{B9FA6B20-DBDE-43C4-A3E1-EA0C55581C3A}.Release|x64.ActiveCfg = Release|Any CPU
		{B9FA6B20-DBDE-43C4-A3E1-EA0C55581C3A}.Release|x86.ActiveCfg = Release|Any CPU
		{B9FA6B20-DBDE-43C4-A3E1-EA0C55581C3A}.UnitTests|Any CPU.ActiveCfg = Release|Any CPU
		{B9FA6B20-DBDE-43C4-A3E1-EA0C55581C3A}.UnitTests|Mixed Platforms.ActiveCfg = Release|Any CPU
		{B9FA6B20-DBDE-43C4-A3E1-EA0C55581C3A}.UnitTests|x64.ActiveCfg = Release|Any CPU
		{B9FA6B20-DBDE-43C4-A3E1-EA0C55581C3A}.UnitTests|x86.ActiveCfg = Release|Any CPU
		{A477BDE5-3D65-4027-90C7-C2574B1297BD}.Build|Any CPU.ActiveCfg = Release|Any CPU
		{A477BDE5-3D65-4027-90C7-C2574B1297BD}.Build|Mixed Platforms.ActiveCfg = Release|Any CPU
		{A477BDE5-3D65-4027-90C7-C2574B1297BD}.Build|x64.ActiveCfg = Release|Any CPU
		{A477BDE5-3D65-4027-90C7-C2574B1297BD}.Build|x86.ActiveCfg = Release|Any CPU
		{A477BDE5-3D65-4027-90C7-C2574B1297BD}.Debug|Any CPU.ActiveCfg = Debug|Any CPU
		{A477BDE5-3D65-4027-90C7-C2574B1297BD}.Debug|Any CPU.Build.0 = Debug|Any CPU
		{A477BDE5-3D65-4027-90C7-C2574B1297BD}.Debug|Mixed Platforms.ActiveCfg = Debug|Any CPU
		{A477BDE5-3D65-4027-90C7-C2574B1297BD}.Debug|Mixed Platforms.Build.0 = Debug|Any CPU
		{A477BDE5-3D65-4027-90C7-C2574B1297BD}.Debug|x64.ActiveCfg = Debug|Any CPU
		{A477BDE5-3D65-4027-90C7-C2574B1297BD}.Debug|x86.ActiveCfg = Debug|Any CPU
		{A477BDE5-3D65-4027-90C7-C2574B1297BD}.Release|Any CPU.ActiveCfg = Release|Any CPU
		{A477BDE5-3D65-4027-90C7-C2574B1297BD}.Release|Any CPU.Build.0 = Release|Any CPU
		{A477BDE5-3D65-4027-90C7-C2574B1297BD}.Release|Mixed Platforms.ActiveCfg = Release|Any CPU
		{A477BDE5-3D65-4027-90C7-C2574B1297BD}.Release|Mixed Platforms.Build.0 = Release|Any CPU
		{A477BDE5-3D65-4027-90C7-C2574B1297BD}.Release|x64.ActiveCfg = Release|Any CPU
		{A477BDE5-3D65-4027-90C7-C2574B1297BD}.Release|x86.ActiveCfg = Release|Any CPU
		{A477BDE5-3D65-4027-90C7-C2574B1297BD}.UnitTests|Any CPU.ActiveCfg = Release|Any CPU
		{A477BDE5-3D65-4027-90C7-C2574B1297BD}.UnitTests|Mixed Platforms.ActiveCfg = Release|Any CPU
		{A477BDE5-3D65-4027-90C7-C2574B1297BD}.UnitTests|x64.ActiveCfg = Release|Any CPU
		{A477BDE5-3D65-4027-90C7-C2574B1297BD}.UnitTests|x86.ActiveCfg = Release|Any CPU
		{B54D8F42-E28A-49CA-935D-E55B47781898}.Build|Any CPU.ActiveCfg = Release|Any CPU
		{B54D8F42-E28A-49CA-935D-E55B47781898}.Build|Mixed Platforms.ActiveCfg = Release|Any CPU
		{B54D8F42-E28A-49CA-935D-E55B47781898}.Build|x64.ActiveCfg = Release|Any CPU
		{B54D8F42-E28A-49CA-935D-E55B47781898}.Build|x86.ActiveCfg = Release|Any CPU
		{B54D8F42-E28A-49CA-935D-E55B47781898}.Debug|Any CPU.ActiveCfg = Debug|Any CPU
		{B54D8F42-E28A-49CA-935D-E55B47781898}.Debug|Any CPU.Build.0 = Debug|Any CPU
		{B54D8F42-E28A-49CA-935D-E55B47781898}.Debug|Mixed Platforms.ActiveCfg = Debug|Any CPU
		{B54D8F42-E28A-49CA-935D-E55B47781898}.Debug|Mixed Platforms.Build.0 = Debug|Any CPU
		{B54D8F42-E28A-49CA-935D-E55B47781898}.Debug|x64.ActiveCfg = Debug|Any CPU
		{B54D8F42-E28A-49CA-935D-E55B47781898}.Debug|x86.ActiveCfg = Debug|Any CPU
		{B54D8F42-E28A-49CA-935D-E55B47781898}.Release|Any CPU.ActiveCfg = Release|Any CPU
		{B54D8F42-E28A-49CA-935D-E55B47781898}.Release|Any CPU.Build.0 = Release|Any CPU
		{B54D8F42-E28A-49CA-935D-E55B47781898}.Release|Mixed Platforms.ActiveCfg = Release|Any CPU
		{B54D8F42-E28A-49CA-935D-E55B47781898}.Release|Mixed Platforms.Build.0 = Release|Any CPU
		{B54D8F42-E28A-49CA-935D-E55B47781898}.Release|x64.ActiveCfg = Release|Any CPU
		{B54D8F42-E28A-49CA-935D-E55B47781898}.Release|x86.ActiveCfg = Release|Any CPU
		{B54D8F42-E28A-49CA-935D-E55B47781898}.UnitTests|Any CPU.ActiveCfg = Release|Any CPU
		{B54D8F42-E28A-49CA-935D-E55B47781898}.UnitTests|Mixed Platforms.ActiveCfg = Release|Any CPU
		{B54D8F42-E28A-49CA-935D-E55B47781898}.UnitTests|x64.ActiveCfg = Release|Any CPU
		{B54D8F42-E28A-49CA-935D-E55B47781898}.UnitTests|x86.ActiveCfg = Release|Any CPU
		{AC06D2C8-1446-4D2A-8D5E-485606196F47}.Build|Any CPU.ActiveCfg = Release|Any CPU
		{AC06D2C8-1446-4D2A-8D5E-485606196F47}.Build|Mixed Platforms.ActiveCfg = Release|Any CPU
		{AC06D2C8-1446-4D2A-8D5E-485606196F47}.Build|x64.ActiveCfg = Release|Any CPU
		{AC06D2C8-1446-4D2A-8D5E-485606196F47}.Build|x86.ActiveCfg = Release|Any CPU
		{AC06D2C8-1446-4D2A-8D5E-485606196F47}.Debug|Any CPU.ActiveCfg = Debug|Any CPU
		{AC06D2C8-1446-4D2A-8D5E-485606196F47}.Debug|Any CPU.Build.0 = Debug|Any CPU
		{AC06D2C8-1446-4D2A-8D5E-485606196F47}.Debug|Mixed Platforms.ActiveCfg = Debug|Any CPU
		{AC06D2C8-1446-4D2A-8D5E-485606196F47}.Debug|Mixed Platforms.Build.0 = Debug|Any CPU
		{AC06D2C8-1446-4D2A-8D5E-485606196F47}.Debug|x64.ActiveCfg = Debug|Any CPU
		{AC06D2C8-1446-4D2A-8D5E-485606196F47}.Debug|x86.ActiveCfg = Debug|Any CPU
		{AC06D2C8-1446-4D2A-8D5E-485606196F47}.Release|Any CPU.ActiveCfg = Release|Any CPU
		{AC06D2C8-1446-4D2A-8D5E-485606196F47}.Release|Any CPU.Build.0 = Release|Any CPU
		{AC06D2C8-1446-4D2A-8D5E-485606196F47}.Release|Mixed Platforms.ActiveCfg = Release|Any CPU
		{AC06D2C8-1446-4D2A-8D5E-485606196F47}.Release|Mixed Platforms.Build.0 = Release|Any CPU
		{AC06D2C8-1446-4D2A-8D5E-485606196F47}.Release|x64.ActiveCfg = Release|Any CPU
		{AC06D2C8-1446-4D2A-8D5E-485606196F47}.Release|x86.ActiveCfg = Release|Any CPU
		{AC06D2C8-1446-4D2A-8D5E-485606196F47}.UnitTests|Any CPU.ActiveCfg = Release|Any CPU
		{AC06D2C8-1446-4D2A-8D5E-485606196F47}.UnitTests|Mixed Platforms.ActiveCfg = Release|Any CPU
		{AC06D2C8-1446-4D2A-8D5E-485606196F47}.UnitTests|x64.ActiveCfg = Release|Any CPU
		{AC06D2C8-1446-4D2A-8D5E-485606196F47}.UnitTests|x86.ActiveCfg = Release|Any CPU
		{F2B0344E-BE93-4A19-BBAE-F6EFB6B58C2C}.Build|Any CPU.ActiveCfg = Release|Any CPU
		{F2B0344E-BE93-4A19-BBAE-F6EFB6B58C2C}.Build|Mixed Platforms.ActiveCfg = Release|Any CPU
		{F2B0344E-BE93-4A19-BBAE-F6EFB6B58C2C}.Build|x64.ActiveCfg = Release|Any CPU
		{F2B0344E-BE93-4A19-BBAE-F6EFB6B58C2C}.Build|x86.ActiveCfg = Release|Any CPU
		{F2B0344E-BE93-4A19-BBAE-F6EFB6B58C2C}.Debug|Any CPU.ActiveCfg = Debug|Any CPU
		{F2B0344E-BE93-4A19-BBAE-F6EFB6B58C2C}.Debug|Any CPU.Build.0 = Debug|Any CPU
		{F2B0344E-BE93-4A19-BBAE-F6EFB6B58C2C}.Debug|Mixed Platforms.ActiveCfg = Debug|Any CPU
		{F2B0344E-BE93-4A19-BBAE-F6EFB6B58C2C}.Debug|Mixed Platforms.Build.0 = Debug|Any CPU
		{F2B0344E-BE93-4A19-BBAE-F6EFB6B58C2C}.Debug|x64.ActiveCfg = Debug|Any CPU
		{F2B0344E-BE93-4A19-BBAE-F6EFB6B58C2C}.Debug|x86.ActiveCfg = Debug|Any CPU
		{F2B0344E-BE93-4A19-BBAE-F6EFB6B58C2C}.Release|Any CPU.ActiveCfg = Release|Any CPU
		{F2B0344E-BE93-4A19-BBAE-F6EFB6B58C2C}.Release|Any CPU.Build.0 = Release|Any CPU
		{F2B0344E-BE93-4A19-BBAE-F6EFB6B58C2C}.Release|Mixed Platforms.ActiveCfg = Release|Any CPU
		{F2B0344E-BE93-4A19-BBAE-F6EFB6B58C2C}.Release|Mixed Platforms.Build.0 = Release|Any CPU
		{F2B0344E-BE93-4A19-BBAE-F6EFB6B58C2C}.Release|x64.ActiveCfg = Release|Any CPU
		{F2B0344E-BE93-4A19-BBAE-F6EFB6B58C2C}.Release|x86.ActiveCfg = Release|Any CPU
		{F2B0344E-BE93-4A19-BBAE-F6EFB6B58C2C}.UnitTests|Any CPU.ActiveCfg = Release|Any CPU
		{F2B0344E-BE93-4A19-BBAE-F6EFB6B58C2C}.UnitTests|Mixed Platforms.ActiveCfg = Release|Any CPU
		{F2B0344E-BE93-4A19-BBAE-F6EFB6B58C2C}.UnitTests|x64.ActiveCfg = Release|Any CPU
		{F2B0344E-BE93-4A19-BBAE-F6EFB6B58C2C}.UnitTests|x86.ActiveCfg = Release|Any CPU
		{52393947-481C-415B-B49E-86F6A1A18047}.Build|Any CPU.ActiveCfg = Release|Any CPU
		{52393947-481C-415B-B49E-86F6A1A18047}.Build|Mixed Platforms.ActiveCfg = Release|Any CPU
		{52393947-481C-415B-B49E-86F6A1A18047}.Build|x64.ActiveCfg = Release|Any CPU
		{52393947-481C-415B-B49E-86F6A1A18047}.Build|x86.ActiveCfg = Release|Any CPU
		{52393947-481C-415B-B49E-86F6A1A18047}.Debug|Any CPU.ActiveCfg = Debug|Any CPU
		{52393947-481C-415B-B49E-86F6A1A18047}.Debug|Any CPU.Build.0 = Debug|Any CPU
		{52393947-481C-415B-B49E-86F6A1A18047}.Debug|Mixed Platforms.ActiveCfg = Debug|Any CPU
		{52393947-481C-415B-B49E-86F6A1A18047}.Debug|Mixed Platforms.Build.0 = Debug|Any CPU
		{52393947-481C-415B-B49E-86F6A1A18047}.Debug|x64.ActiveCfg = Debug|Any CPU
		{52393947-481C-415B-B49E-86F6A1A18047}.Debug|x86.ActiveCfg = Debug|Any CPU
		{52393947-481C-415B-B49E-86F6A1A18047}.Release|Any CPU.ActiveCfg = Release|Any CPU
		{52393947-481C-415B-B49E-86F6A1A18047}.Release|Any CPU.Build.0 = Release|Any CPU
		{52393947-481C-415B-B49E-86F6A1A18047}.Release|Mixed Platforms.ActiveCfg = Release|Any CPU
		{52393947-481C-415B-B49E-86F6A1A18047}.Release|Mixed Platforms.Build.0 = Release|Any CPU
		{52393947-481C-415B-B49E-86F6A1A18047}.Release|x64.ActiveCfg = Release|Any CPU
		{52393947-481C-415B-B49E-86F6A1A18047}.Release|x86.ActiveCfg = Release|Any CPU
		{52393947-481C-415B-B49E-86F6A1A18047}.UnitTests|Any CPU.ActiveCfg = Release|Any CPU
		{52393947-481C-415B-B49E-86F6A1A18047}.UnitTests|Mixed Platforms.ActiveCfg = Release|Any CPU
		{52393947-481C-415B-B49E-86F6A1A18047}.UnitTests|x64.ActiveCfg = Release|Any CPU
		{52393947-481C-415B-B49E-86F6A1A18047}.UnitTests|x86.ActiveCfg = Release|Any CPU
		{75894E81-8943-4891-ADF3-14DC0FAFD1C6}.Build|Any CPU.ActiveCfg = Release|Any CPU
		{75894E81-8943-4891-ADF3-14DC0FAFD1C6}.Build|Mixed Platforms.ActiveCfg = Release|Any CPU
		{75894E81-8943-4891-ADF3-14DC0FAFD1C6}.Build|x64.ActiveCfg = Release|Any CPU
		{75894E81-8943-4891-ADF3-14DC0FAFD1C6}.Build|x86.ActiveCfg = Release|Any CPU
		{75894E81-8943-4891-ADF3-14DC0FAFD1C6}.Debug|Any CPU.ActiveCfg = Debug|Any CPU
		{75894E81-8943-4891-ADF3-14DC0FAFD1C6}.Debug|Any CPU.Build.0 = Debug|Any CPU
		{75894E81-8943-4891-ADF3-14DC0FAFD1C6}.Debug|Mixed Platforms.ActiveCfg = Debug|Any CPU
		{75894E81-8943-4891-ADF3-14DC0FAFD1C6}.Debug|Mixed Platforms.Build.0 = Debug|Any CPU
		{75894E81-8943-4891-ADF3-14DC0FAFD1C6}.Debug|x64.ActiveCfg = Debug|Any CPU
		{75894E81-8943-4891-ADF3-14DC0FAFD1C6}.Debug|x86.ActiveCfg = Debug|Any CPU
		{75894E81-8943-4891-ADF3-14DC0FAFD1C6}.Release|Any CPU.ActiveCfg = Release|Any CPU
		{75894E81-8943-4891-ADF3-14DC0FAFD1C6}.Release|Any CPU.Build.0 = Release|Any CPU
		{75894E81-8943-4891-ADF3-14DC0FAFD1C6}.Release|Mixed Platforms.ActiveCfg = Release|Any CPU
		{75894E81-8943-4891-ADF3-14DC0FAFD1C6}.Release|Mixed Platforms.Build.0 = Release|Any CPU
		{75894E81-8943-4891-ADF3-14DC0FAFD1C6}.Release|x64.ActiveCfg = Release|Any CPU
		{75894E81-8943-4891-ADF3-14DC0FAFD1C6}.Release|x86.ActiveCfg = Release|Any CPU
		{75894E81-8943-4891-ADF3-14DC0FAFD1C6}.UnitTests|Any CPU.ActiveCfg = Release|Any CPU
		{75894E81-8943-4891-ADF3-14DC0FAFD1C6}.UnitTests|Mixed Platforms.ActiveCfg = Release|Any CPU
		{75894E81-8943-4891-ADF3-14DC0FAFD1C6}.UnitTests|x64.ActiveCfg = Release|Any CPU
		{75894E81-8943-4891-ADF3-14DC0FAFD1C6}.UnitTests|x86.ActiveCfg = Release|Any CPU
		{B5D5F670-BFBA-4D09-91C6-74BB12B7EDD4}.Build|Any CPU.ActiveCfg = Release|Any CPU
		{B5D5F670-BFBA-4D09-91C6-74BB12B7EDD4}.Build|Any CPU.Build.0 = Release|Any CPU
		{B5D5F670-BFBA-4D09-91C6-74BB12B7EDD4}.Build|Mixed Platforms.ActiveCfg = Release|Any CPU
		{B5D5F670-BFBA-4D09-91C6-74BB12B7EDD4}.Build|Mixed Platforms.Build.0 = Release|Any CPU
		{B5D5F670-BFBA-4D09-91C6-74BB12B7EDD4}.Build|x64.ActiveCfg = Release|Any CPU
		{B5D5F670-BFBA-4D09-91C6-74BB12B7EDD4}.Build|x86.ActiveCfg = Release|Any CPU
		{B5D5F670-BFBA-4D09-91C6-74BB12B7EDD4}.Debug|Any CPU.ActiveCfg = Debug|Any CPU
		{B5D5F670-BFBA-4D09-91C6-74BB12B7EDD4}.Debug|Any CPU.Build.0 = Debug|Any CPU
		{B5D5F670-BFBA-4D09-91C6-74BB12B7EDD4}.Debug|Mixed Platforms.ActiveCfg = Debug|Any CPU
		{B5D5F670-BFBA-4D09-91C6-74BB12B7EDD4}.Debug|Mixed Platforms.Build.0 = Debug|Any CPU
		{B5D5F670-BFBA-4D09-91C6-74BB12B7EDD4}.Debug|x64.ActiveCfg = Debug|Any CPU
		{B5D5F670-BFBA-4D09-91C6-74BB12B7EDD4}.Debug|x86.ActiveCfg = Debug|Any CPU
		{B5D5F670-BFBA-4D09-91C6-74BB12B7EDD4}.Release|Any CPU.ActiveCfg = Release|Any CPU
		{B5D5F670-BFBA-4D09-91C6-74BB12B7EDD4}.Release|Any CPU.Build.0 = Release|Any CPU
		{B5D5F670-BFBA-4D09-91C6-74BB12B7EDD4}.Release|Mixed Platforms.ActiveCfg = Release|Any CPU
		{B5D5F670-BFBA-4D09-91C6-74BB12B7EDD4}.Release|Mixed Platforms.Build.0 = Release|Any CPU
		{B5D5F670-BFBA-4D09-91C6-74BB12B7EDD4}.Release|x64.ActiveCfg = Release|Any CPU
		{B5D5F670-BFBA-4D09-91C6-74BB12B7EDD4}.Release|x86.ActiveCfg = Release|Any CPU
		{B5D5F670-BFBA-4D09-91C6-74BB12B7EDD4}.UnitTests|Any CPU.ActiveCfg = Release|Any CPU
		{B5D5F670-BFBA-4D09-91C6-74BB12B7EDD4}.UnitTests|Any CPU.Build.0 = Release|Any CPU
		{B5D5F670-BFBA-4D09-91C6-74BB12B7EDD4}.UnitTests|Mixed Platforms.ActiveCfg = Release|Any CPU
		{B5D5F670-BFBA-4D09-91C6-74BB12B7EDD4}.UnitTests|Mixed Platforms.Build.0 = Release|Any CPU
		{B5D5F670-BFBA-4D09-91C6-74BB12B7EDD4}.UnitTests|x64.ActiveCfg = Release|Any CPU
		{B5D5F670-BFBA-4D09-91C6-74BB12B7EDD4}.UnitTests|x86.ActiveCfg = Release|Any CPU
		{0615C6B1-802C-4BAF-9D74-909BEEDD1AF7}.Build|Any CPU.ActiveCfg = Release|Any CPU
		{0615C6B1-802C-4BAF-9D74-909BEEDD1AF7}.Build|Mixed Platforms.ActiveCfg = Release|Any CPU
		{0615C6B1-802C-4BAF-9D74-909BEEDD1AF7}.Build|x64.ActiveCfg = Release|Any CPU
		{0615C6B1-802C-4BAF-9D74-909BEEDD1AF7}.Build|x86.ActiveCfg = Release|Any CPU
		{0615C6B1-802C-4BAF-9D74-909BEEDD1AF7}.Debug|Any CPU.ActiveCfg = Debug|Any CPU
		{0615C6B1-802C-4BAF-9D74-909BEEDD1AF7}.Debug|Any CPU.Build.0 = Debug|Any CPU
		{0615C6B1-802C-4BAF-9D74-909BEEDD1AF7}.Debug|Mixed Platforms.ActiveCfg = Debug|Any CPU
		{0615C6B1-802C-4BAF-9D74-909BEEDD1AF7}.Debug|Mixed Platforms.Build.0 = Debug|Any CPU
		{0615C6B1-802C-4BAF-9D74-909BEEDD1AF7}.Debug|x64.ActiveCfg = Debug|Any CPU
		{0615C6B1-802C-4BAF-9D74-909BEEDD1AF7}.Debug|x86.ActiveCfg = Debug|Any CPU
		{0615C6B1-802C-4BAF-9D74-909BEEDD1AF7}.Release|Any CPU.ActiveCfg = Release|Any CPU
		{0615C6B1-802C-4BAF-9D74-909BEEDD1AF7}.Release|Any CPU.Build.0 = Release|Any CPU
		{0615C6B1-802C-4BAF-9D74-909BEEDD1AF7}.Release|Mixed Platforms.ActiveCfg = Release|Any CPU
		{0615C6B1-802C-4BAF-9D74-909BEEDD1AF7}.Release|Mixed Platforms.Build.0 = Release|Any CPU
		{0615C6B1-802C-4BAF-9D74-909BEEDD1AF7}.Release|x64.ActiveCfg = Release|Any CPU
		{0615C6B1-802C-4BAF-9D74-909BEEDD1AF7}.Release|x86.ActiveCfg = Release|Any CPU
		{0615C6B1-802C-4BAF-9D74-909BEEDD1AF7}.UnitTests|Any CPU.ActiveCfg = Release|Any CPU
		{0615C6B1-802C-4BAF-9D74-909BEEDD1AF7}.UnitTests|Mixed Platforms.ActiveCfg = Release|Any CPU
		{0615C6B1-802C-4BAF-9D74-909BEEDD1AF7}.UnitTests|x64.ActiveCfg = Release|Any CPU
		{0615C6B1-802C-4BAF-9D74-909BEEDD1AF7}.UnitTests|x86.ActiveCfg = Release|Any CPU
		{CD8E53D2-B177-494B-AE08-1CEEF98E43D8}.Build|Any CPU.ActiveCfg = Release|Any CPU
		{CD8E53D2-B177-494B-AE08-1CEEF98E43D8}.Build|Mixed Platforms.ActiveCfg = Release|Any CPU
		{CD8E53D2-B177-494B-AE08-1CEEF98E43D8}.Build|x64.ActiveCfg = Release|Any CPU
		{CD8E53D2-B177-494B-AE08-1CEEF98E43D8}.Build|x86.ActiveCfg = Release|Any CPU
		{CD8E53D2-B177-494B-AE08-1CEEF98E43D8}.Debug|Any CPU.ActiveCfg = Debug|Any CPU
		{CD8E53D2-B177-494B-AE08-1CEEF98E43D8}.Debug|Any CPU.Build.0 = Debug|Any CPU
		{CD8E53D2-B177-494B-AE08-1CEEF98E43D8}.Debug|Mixed Platforms.ActiveCfg = Debug|Any CPU
		{CD8E53D2-B177-494B-AE08-1CEEF98E43D8}.Debug|Mixed Platforms.Build.0 = Debug|Any CPU
		{CD8E53D2-B177-494B-AE08-1CEEF98E43D8}.Debug|x64.ActiveCfg = Debug|Any CPU
		{CD8E53D2-B177-494B-AE08-1CEEF98E43D8}.Debug|x86.ActiveCfg = Debug|Any CPU
		{CD8E53D2-B177-494B-AE08-1CEEF98E43D8}.Release|Any CPU.ActiveCfg = Release|Any CPU
		{CD8E53D2-B177-494B-AE08-1CEEF98E43D8}.Release|Any CPU.Build.0 = Release|Any CPU
		{CD8E53D2-B177-494B-AE08-1CEEF98E43D8}.Release|Mixed Platforms.ActiveCfg = Release|Any CPU
		{CD8E53D2-B177-494B-AE08-1CEEF98E43D8}.Release|Mixed Platforms.Build.0 = Release|Any CPU
		{CD8E53D2-B177-494B-AE08-1CEEF98E43D8}.Release|x64.ActiveCfg = Release|Any CPU
		{CD8E53D2-B177-494B-AE08-1CEEF98E43D8}.Release|x86.ActiveCfg = Release|Any CPU
		{CD8E53D2-B177-494B-AE08-1CEEF98E43D8}.UnitTests|Any CPU.ActiveCfg = Release|Any CPU
		{CD8E53D2-B177-494B-AE08-1CEEF98E43D8}.UnitTests|Mixed Platforms.ActiveCfg = Release|Any CPU
		{CD8E53D2-B177-494B-AE08-1CEEF98E43D8}.UnitTests|x64.ActiveCfg = Release|Any CPU
		{CD8E53D2-B177-494B-AE08-1CEEF98E43D8}.UnitTests|x86.ActiveCfg = Release|Any CPU
		{53981EF3-4DFA-418E-861A-A45CBCC61BE1}.Build|Any CPU.ActiveCfg = Release|Any CPU
		{53981EF3-4DFA-418E-861A-A45CBCC61BE1}.Build|Mixed Platforms.ActiveCfg = Release|Any CPU
		{53981EF3-4DFA-418E-861A-A45CBCC61BE1}.Build|x64.ActiveCfg = Release|Any CPU
		{53981EF3-4DFA-418E-861A-A45CBCC61BE1}.Build|x86.ActiveCfg = Release|Any CPU
		{53981EF3-4DFA-418E-861A-A45CBCC61BE1}.Debug|Any CPU.ActiveCfg = Debug|Any CPU
		{53981EF3-4DFA-418E-861A-A45CBCC61BE1}.Debug|Any CPU.Build.0 = Debug|Any CPU
		{53981EF3-4DFA-418E-861A-A45CBCC61BE1}.Debug|Mixed Platforms.ActiveCfg = Debug|Any CPU
		{53981EF3-4DFA-418E-861A-A45CBCC61BE1}.Debug|Mixed Platforms.Build.0 = Debug|Any CPU
		{53981EF3-4DFA-418E-861A-A45CBCC61BE1}.Debug|x64.ActiveCfg = Debug|Any CPU
		{53981EF3-4DFA-418E-861A-A45CBCC61BE1}.Debug|x86.ActiveCfg = Debug|Any CPU
		{53981EF3-4DFA-418E-861A-A45CBCC61BE1}.Release|Any CPU.ActiveCfg = Release|Any CPU
		{53981EF3-4DFA-418E-861A-A45CBCC61BE1}.Release|Any CPU.Build.0 = Release|Any CPU
		{53981EF3-4DFA-418E-861A-A45CBCC61BE1}.Release|Mixed Platforms.ActiveCfg = Release|Any CPU
		{53981EF3-4DFA-418E-861A-A45CBCC61BE1}.Release|Mixed Platforms.Build.0 = Release|Any CPU
		{53981EF3-4DFA-418E-861A-A45CBCC61BE1}.Release|x64.ActiveCfg = Release|Any CPU
		{53981EF3-4DFA-418E-861A-A45CBCC61BE1}.Release|x86.ActiveCfg = Release|Any CPU
		{53981EF3-4DFA-418E-861A-A45CBCC61BE1}.UnitTests|Any CPU.ActiveCfg = Release|Any CPU
		{53981EF3-4DFA-418E-861A-A45CBCC61BE1}.UnitTests|Mixed Platforms.ActiveCfg = Release|Any CPU
		{53981EF3-4DFA-418E-861A-A45CBCC61BE1}.UnitTests|x64.ActiveCfg = Release|Any CPU
		{53981EF3-4DFA-418E-861A-A45CBCC61BE1}.UnitTests|x86.ActiveCfg = Release|Any CPU
		{6ACEA782-B548-472B-8F47-CA0A9BCE5B2D}.Build|Any CPU.ActiveCfg = Release|Any CPU
		{6ACEA782-B548-472B-8F47-CA0A9BCE5B2D}.Build|Mixed Platforms.ActiveCfg = Release|Any CPU
		{6ACEA782-B548-472B-8F47-CA0A9BCE5B2D}.Build|x64.ActiveCfg = Release|Any CPU
		{6ACEA782-B548-472B-8F47-CA0A9BCE5B2D}.Build|x86.ActiveCfg = Release|Any CPU
		{6ACEA782-B548-472B-8F47-CA0A9BCE5B2D}.Debug|Any CPU.ActiveCfg = Debug|Any CPU
		{6ACEA782-B548-472B-8F47-CA0A9BCE5B2D}.Debug|Any CPU.Build.0 = Debug|Any CPU
		{6ACEA782-B548-472B-8F47-CA0A9BCE5B2D}.Debug|Mixed Platforms.ActiveCfg = Debug|Any CPU
		{6ACEA782-B548-472B-8F47-CA0A9BCE5B2D}.Debug|Mixed Platforms.Build.0 = Debug|Any CPU
		{6ACEA782-B548-472B-8F47-CA0A9BCE5B2D}.Debug|x64.ActiveCfg = Debug|Any CPU
		{6ACEA782-B548-472B-8F47-CA0A9BCE5B2D}.Debug|x86.ActiveCfg = Debug|Any CPU
		{6ACEA782-B548-472B-8F47-CA0A9BCE5B2D}.Release|Any CPU.ActiveCfg = Release|Any CPU
		{6ACEA782-B548-472B-8F47-CA0A9BCE5B2D}.Release|Any CPU.Build.0 = Release|Any CPU
		{6ACEA782-B548-472B-8F47-CA0A9BCE5B2D}.Release|Mixed Platforms.ActiveCfg = Release|Any CPU
		{6ACEA782-B548-472B-8F47-CA0A9BCE5B2D}.Release|Mixed Platforms.Build.0 = Release|Any CPU
		{6ACEA782-B548-472B-8F47-CA0A9BCE5B2D}.Release|x64.ActiveCfg = Release|Any CPU
		{6ACEA782-B548-472B-8F47-CA0A9BCE5B2D}.Release|x86.ActiveCfg = Release|Any CPU
		{6ACEA782-B548-472B-8F47-CA0A9BCE5B2D}.UnitTests|Any CPU.ActiveCfg = Release|Any CPU
		{6ACEA782-B548-472B-8F47-CA0A9BCE5B2D}.UnitTests|Mixed Platforms.ActiveCfg = Release|Any CPU
		{6ACEA782-B548-472B-8F47-CA0A9BCE5B2D}.UnitTests|x64.ActiveCfg = Release|Any CPU
		{6ACEA782-B548-472B-8F47-CA0A9BCE5B2D}.UnitTests|x86.ActiveCfg = Release|Any CPU
		{EA31F646-F757-4436-B3D2-D54AE82DB920}.Build|Any CPU.ActiveCfg = Release|x86
		{EA31F646-F757-4436-B3D2-D54AE82DB920}.Build|Mixed Platforms.ActiveCfg = Release|x86
		{EA31F646-F757-4436-B3D2-D54AE82DB920}.Build|Mixed Platforms.Build.0 = Release|x86
		{EA31F646-F757-4436-B3D2-D54AE82DB920}.Build|x64.ActiveCfg = Release|x86
		{EA31F646-F757-4436-B3D2-D54AE82DB920}.Build|x86.ActiveCfg = Release|x86
		{EA31F646-F757-4436-B3D2-D54AE82DB920}.Build|x86.Build.0 = Release|x86
		{EA31F646-F757-4436-B3D2-D54AE82DB920}.Debug|Any CPU.ActiveCfg = Debug|x86
		{EA31F646-F757-4436-B3D2-D54AE82DB920}.Debug|Mixed Platforms.ActiveCfg = Debug|x86
		{EA31F646-F757-4436-B3D2-D54AE82DB920}.Debug|Mixed Platforms.Build.0 = Debug|x86
		{EA31F646-F757-4436-B3D2-D54AE82DB920}.Debug|x64.ActiveCfg = Debug|x86
		{EA31F646-F757-4436-B3D2-D54AE82DB920}.Debug|x86.ActiveCfg = Debug|x86
		{EA31F646-F757-4436-B3D2-D54AE82DB920}.Debug|x86.Build.0 = Debug|x86
		{EA31F646-F757-4436-B3D2-D54AE82DB920}.Release|Any CPU.ActiveCfg = Release|x86
		{EA31F646-F757-4436-B3D2-D54AE82DB920}.Release|Mixed Platforms.ActiveCfg = Release|x86
		{EA31F646-F757-4436-B3D2-D54AE82DB920}.Release|Mixed Platforms.Build.0 = Release|x86
		{EA31F646-F757-4436-B3D2-D54AE82DB920}.Release|x64.ActiveCfg = Release|x86
		{EA31F646-F757-4436-B3D2-D54AE82DB920}.Release|x86.ActiveCfg = Release|x86
		{EA31F646-F757-4436-B3D2-D54AE82DB920}.Release|x86.Build.0 = Release|x86
		{EA31F646-F757-4436-B3D2-D54AE82DB920}.UnitTests|Any CPU.ActiveCfg = Release|x86
		{EA31F646-F757-4436-B3D2-D54AE82DB920}.UnitTests|Mixed Platforms.ActiveCfg = Release|x86
		{EA31F646-F757-4436-B3D2-D54AE82DB920}.UnitTests|Mixed Platforms.Build.0 = Release|x86
		{EA31F646-F757-4436-B3D2-D54AE82DB920}.UnitTests|x64.ActiveCfg = Release|x86
		{EA31F646-F757-4436-B3D2-D54AE82DB920}.UnitTests|x86.ActiveCfg = Release|x86
		{EA31F646-F757-4436-B3D2-D54AE82DB920}.UnitTests|x86.Build.0 = Release|x86
		{BE13B5C8-1E9F-400A-ABF8-63D163698A5E}.Build|Any CPU.ActiveCfg = Release|x86
		{BE13B5C8-1E9F-400A-ABF8-63D163698A5E}.Build|Mixed Platforms.ActiveCfg = Release|x86
		{BE13B5C8-1E9F-400A-ABF8-63D163698A5E}.Build|Mixed Platforms.Build.0 = Release|x86
		{BE13B5C8-1E9F-400A-ABF8-63D163698A5E}.Build|x64.ActiveCfg = Release|x86
		{BE13B5C8-1E9F-400A-ABF8-63D163698A5E}.Build|x86.ActiveCfg = Release|x86
		{BE13B5C8-1E9F-400A-ABF8-63D163698A5E}.Build|x86.Build.0 = Release|x86
		{BE13B5C8-1E9F-400A-ABF8-63D163698A5E}.Debug|Any CPU.ActiveCfg = Debug|x86
		{BE13B5C8-1E9F-400A-ABF8-63D163698A5E}.Debug|Mixed Platforms.ActiveCfg = Debug|x86
		{BE13B5C8-1E9F-400A-ABF8-63D163698A5E}.Debug|Mixed Platforms.Build.0 = Debug|x86
		{BE13B5C8-1E9F-400A-ABF8-63D163698A5E}.Debug|x64.ActiveCfg = Debug|x86
		{BE13B5C8-1E9F-400A-ABF8-63D163698A5E}.Debug|x86.ActiveCfg = Debug|x86
		{BE13B5C8-1E9F-400A-ABF8-63D163698A5E}.Debug|x86.Build.0 = Debug|x86
		{BE13B5C8-1E9F-400A-ABF8-63D163698A5E}.Release|Any CPU.ActiveCfg = Release|x86
		{BE13B5C8-1E9F-400A-ABF8-63D163698A5E}.Release|Mixed Platforms.ActiveCfg = Release|x86
		{BE13B5C8-1E9F-400A-ABF8-63D163698A5E}.Release|Mixed Platforms.Build.0 = Release|x86
		{BE13B5C8-1E9F-400A-ABF8-63D163698A5E}.Release|x64.ActiveCfg = Release|x86
		{BE13B5C8-1E9F-400A-ABF8-63D163698A5E}.Release|x86.ActiveCfg = Release|x86
		{BE13B5C8-1E9F-400A-ABF8-63D163698A5E}.Release|x86.Build.0 = Release|x86
		{BE13B5C8-1E9F-400A-ABF8-63D163698A5E}.UnitTests|Any CPU.ActiveCfg = Release|x86
		{BE13B5C8-1E9F-400A-ABF8-63D163698A5E}.UnitTests|Mixed Platforms.ActiveCfg = Release|x86
		{BE13B5C8-1E9F-400A-ABF8-63D163698A5E}.UnitTests|Mixed Platforms.Build.0 = Release|x86
		{BE13B5C8-1E9F-400A-ABF8-63D163698A5E}.UnitTests|x64.ActiveCfg = Release|x86
		{BE13B5C8-1E9F-400A-ABF8-63D163698A5E}.UnitTests|x86.ActiveCfg = Release|x86
		{BE13B5C8-1E9F-400A-ABF8-63D163698A5E}.UnitTests|x86.Build.0 = Release|x86
	EndGlobalSection
	GlobalSection(SolutionProperties) = preSolution
		HideSolutionNode = FALSE
	EndGlobalSection
	GlobalSection(NestedProjects) = preSolution
		{8ADA9D95-81C9-48A7-B869-428F19EA49F6} = {BEB084D7-781E-47A1-AA4C-565438EC121F}
		{131F214A-C319-4153-A1B2-5187540E70A2} = {BEB084D7-781E-47A1-AA4C-565438EC121F}
		{B9FA6B20-DBDE-43C4-A3E1-EA0C55581C3A} = {BEB084D7-781E-47A1-AA4C-565438EC121F}
		{A477BDE5-3D65-4027-90C7-C2574B1297BD} = {BEB084D7-781E-47A1-AA4C-565438EC121F}
		{B54D8F42-E28A-49CA-935D-E55B47781898} = {9C750D7B-5FC4-4192-A313-E4312F38370E}
		{AC06D2C8-1446-4D2A-8D5E-485606196F47} = {24532187-A4BE-4F14-B969-3B02D25616E0}
		{967F998C-5B48-4F00-B818-3E2771173E6C} = {77966E42-9AF9-4840-9EFD-0198707CB20D}
		{F2B0344E-BE93-4A19-BBAE-F6EFB6B58C2C} = {858D516E-D031-4ECE-9A7E-CAC1DEAB51E5}
		{858D516E-D031-4ECE-9A7E-CAC1DEAB51E5} = {5833F579-8DFF-4095-80A2-28E292524859}
		{52393947-481C-415B-B49E-86F6A1A18047} = {2ADF4F8B-C2EC-45B6-A303-1B33886B1982}
		{6A64C536-B5F3-4070-AB69-531C587E5C36} = {5833F579-8DFF-4095-80A2-28E292524859}
		{BEB084D7-781E-47A1-AA4C-565438EC121F} = {77966E42-9AF9-4840-9EFD-0198707CB20D}
		{75894E81-8943-4891-ADF3-14DC0FAFD1C6} = {6A64C536-B5F3-4070-AB69-531C587E5C36}
		{B5D5F670-BFBA-4D09-91C6-74BB12B7EDD4} = {847A5762-FA3F-4360-A0F5-045F0635C1C3}
		{5856D9CA-E918-4635-9335-F79B86F20FA9} = {5833F579-8DFF-4095-80A2-28E292524859}
		{C3D6C9F0-273C-46D0-AF63-95F22D56EF11} = {5833F579-8DFF-4095-80A2-28E292524859}
		{1BD8A40E-9AFC-4FF4-ACAC-31779BAD4626} = {792FE94C-26FC-49CE-BB8F-F8BEE615A836}
		{24532187-A4BE-4F14-B969-3B02D25616E0} = {967F998C-5B48-4F00-B818-3E2771173E6C}
		{2ADF4F8B-C2EC-45B6-A303-1B33886B1982} = {9C750D7B-5FC4-4192-A313-E4312F38370E}
		{F779677F-CE19-457D-BDE7-40F4CB6730A5} = {967F998C-5B48-4F00-B818-3E2771173E6C}
		{9C750D7B-5FC4-4192-A313-E4312F38370E} = {967F998C-5B48-4F00-B818-3E2771173E6C}
		{0615C6B1-802C-4BAF-9D74-909BEEDD1AF7} = {BEB084D7-781E-47A1-AA4C-565438EC121F}
		{CD8E53D2-B177-494B-AE08-1CEEF98E43D8} = {F779677F-CE19-457D-BDE7-40F4CB6730A5}
		{53981EF3-4DFA-418E-861A-A45CBCC61BE1} = {F779677F-CE19-457D-BDE7-40F4CB6730A5}
		{6ACEA782-B548-472B-8F47-CA0A9BCE5B2D} = {5856D9CA-E918-4635-9335-F79B86F20FA9}
		{5833F579-8DFF-4095-80A2-28E292524859} = {98BBC522-A167-4A97-838E-23E4F69A7567}
		{77966E42-9AF9-4840-9EFD-0198707CB20D} = {FE81B7CB-971B-412C-9C5F-0B66BF1128A5}
		{C2031C61-BA04-409A-BC78-42DF6CCD3D3F} = {98BBC522-A167-4A97-838E-23E4F69A7567}
		{EA31F646-F757-4436-B3D2-D54AE82DB920} = {847A5762-FA3F-4360-A0F5-045F0635C1C3}
		{BE13B5C8-1E9F-400A-ABF8-63D163698A5E} = {1BD8A40E-9AFC-4FF4-ACAC-31779BAD4626}
		{847A5762-FA3F-4360-A0F5-045F0635C1C3} = {792FE94C-26FC-49CE-BB8F-F8BEE615A836}
	EndGlobalSection
	GlobalSection(TestCaseManagementSettings) = postSolution
		CategoryFile = Prototyping - Spielwiese.vsmdi
	EndGlobalSection
EndGlobal
