
Microsoft Visual Studio Solution File, Format Version 12.00
# Visual Studio Version 17
VisualStudioVersion = 17.5.33627.172
MinimumVisualStudioVersion = 10.0.40219.1
Project("{2150E333-8FDC-42A3-9474-1A3956D46DE8}") = "Solution Items", "Solution Items", "{4130D21C-FE8F-4925-93E7-217B4AF1B7D9}"
	ProjectSection(SolutionItems) = preProject
		..\vers\changelog.md = ..\vers\changelog.md
		KornSW.AbstractFileSystem.Common.nuspec = KornSW.AbstractFileSystem.Common.nuspec
		KornSW.AbstractFileSystem.DbStore.nuspec = KornSW.AbstractFileSystem.DbStore.nuspec
		KornSW.AbstractFileSystem.MvcSupport.nuspec = KornSW.AbstractFileSystem.MvcSupport.nuspec
		KornSW.AbstractFileSystem.RepositoryContract.nuspec = KornSW.AbstractFileSystem.RepositoryContract.nuspec
		KornSW.AbstractFileSystem.WinFormsClient.nuspec = KornSW.AbstractFileSystem.WinFormsClient.nuspec
		..\readme.md = ..\readme.md
	EndProjectSection
EndProject
Project("{2150E333-8FDC-42A3-9474-1A3956D46DE8}") = "src", "src", "{EFB5135D-039A-4D92-8FDD-9EA5D070F991}"
EndProject
Project("{2150E333-8FDC-42A3-9474-1A3956D46DE8}") = "test", "test", "{C5272353-539E-4138-93FD-9DF437F6DA47}"
EndProject
Project("{D954291E-2A0B-460D-934E-DC6B0785DB48}") = "AbstractFileSystem.Common", "src\AbstractFileSystem\AbstractFileSystem.Common.shproj", "{CF0A161A-99BA-4F01-AF5E-16C6FCBC85AE}"
EndProject
Project("{FAE04EC0-301F-11D3-BF4B-00C04F79EFBC}") = "AbstractFileSystem.Common.net461", "src\AbstractFileSystem.net461\AbstractFileSystem.Common.net461.csproj", "{B0BA06FE-6437-4B9E-8C76-3ADFC8D191D2}"
EndProject
Project("{D954291E-2A0B-460D-934E-DC6B0785DB48}") = "AbstractFileSystem.Tests", "test\AbstractFileSystem.Tests\AbstractFileSystem.Tests.shproj", "{5E17C8E8-0BC8-4F7C-A022-C8104A415628}"
EndProject
Project("{9A19103F-16F7-4668-BE54-9A1E7A4F7556}") = "AbstractFileSystem.Tests.net6.0", "test\AbstractFileSystem.Tests.net6.0\AbstractFileSystem.Tests.net6.0.csproj", "{A6925214-F00D-4F5B-8C3A-60343769A83E}"
EndProject
Project("{FAE04EC0-301F-11D3-BF4B-00C04F79EFBC}") = "AbstractFileSystem.Tests.net48", "test\AbstractFileSystem.Tests.net48\AbstractFileSystem.Tests.net48.csproj", "{D0B8734C-340F-4B2A-80EE-C00AFDD59E13}"
EndProject
Project("{D954291E-2A0B-460D-934E-DC6B0785DB48}") = "AbstractFileSystem.MvcSupport", "src\AbstractFileSystem.MvcSupport\AbstractFileSystem.MvcSupport.shproj", "{CF0A161A-99BA-4F01-AF5E-16C6FCBC95AE}"
EndProject
Project("{2150E333-8FDC-42A3-9474-1A3956D46DE8}") = "Targets", "Targets", "{ADA576B9-92C4-4C75-9605-06023D1026B2}"
EndProject
Project("{9A19103F-16F7-4668-BE54-9A1E7A4F7556}") = "AbstractFileSystem.MvcSupport.net6.0", "src\AbstractFileSystem.MvcSupport.net6.0\AbstractFileSystem.MvcSupport.net6.0.csproj", "{4AF041BF-8D36-46D6-9E83-737231CFCB26}"
EndProject
Project("{9A19103F-16F7-4668-BE54-9A1E7A4F7556}") = "AbstractFileSystem.TestApp", "src\AbstractFileSystem.TestApp\AbstractFileSystem.TestApp.csproj", "{3E8C91F2-37BE-409C-89A7-02DA48C0BE5F}"
EndProject
Project("{D954291E-2A0B-460D-934E-DC6B0785DB48}") = "AbstractFileSystem.WinFormsClient", "src\AbstractFileSystem.WinFormsClient\AbstractFileSystem.WinFormsClient.shproj", "{25035403-D38A-4DA2-92FA-845EA4F799A1}"
EndProject
Project("{9A19103F-16F7-4668-BE54-9A1E7A4F7556}") = "AbstractFileSystem.WinFormsClient.net6.0", "src\AbstractFileSystem.WinFormsClient.net6.0\AbstractFileSystem.WinFormsClient.net6.0.csproj", "{2D7DE462-5FEA-4E11-8DE1-6A4AA996D245}"
EndProject
Project("{FAE04EC0-301F-11D3-BF4B-00C04F79EFBC}") = "AbstractFileSystem.WinFormsClient.net461", "src\AbstractFileSystem.WinFormsClient.net461\AbstractFileSystem.WinFormsClient.net461.csproj", "{DCDC3890-1E78-43E6-8ECD-EA77458BDDCE}"
EndProject
Project("{9A19103F-16F7-4668-BE54-9A1E7A4F7556}") = "AbstractFileSystem.Common.net6.0", "src\AbstractFileSystem.net6.0\AbstractFileSystem.Common.net6.0.csproj", "{7FF622CA-2075-4983-8CED-24FD4F4FE14B}"
EndProject
Project("{D954291E-2A0B-460D-934E-DC6B0785DB48}") = "AbstractFileSystem.RepositoryContract", "src\AbstractFileSystem.RepositoryContract\AbstractFileSystem.RepositoryContract.shproj", "{E0BD4A6F-E54E-42D3-A483-05F81472CA39}"
EndProject
Project("{9A19103F-16F7-4668-BE54-9A1E7A4F7556}") = "AbstractFileSystem.RepositoryContract.net6.0", "src\AbstractFileSystem.RepositoryContract.net6.0\AbstractFileSystem.RepositoryContract.net6.0.csproj", "{AE731142-0FD6-467B-9A4A-5CDB74CCA95E}"
EndProject
Project("{FAE04EC0-301F-11D3-BF4B-00C04F79EFBC}") = "AbstractFileSystem.RepositoryContract.net461", "src\AbstractFileSystem.RepositoryContract.net461\AbstractFileSystem.RepositoryContract.net461.csproj", "{EA7C2C8A-1C5C-4B37-9AC8-14DCF5D3CF48}"
EndProject
Project("{FAE04EC0-301F-11D3-BF4B-00C04F79EFBC}") = "AbstractFileSystem.DbStore.Edmx", "src\AbstractFileSystem.DbStore.Edmx\AbstractFileSystem.DbStore.Edmx.csproj", "{827BDD27-C32B-4BB4-B6E4-6914C953AE2D}"
EndProject
Project("{D954291E-2A0B-460D-934E-DC6B0785DB48}") = "AbstractFileSystem.DbStore", "src\AbstractFileSystem.DbStore\AbstractFileSystem.DbStore.shproj", "{CF0A161A-99BA-4F01-AF5F-16C6FCBC95AE}"
EndProject
Project("{9A19103F-16F7-4668-BE54-9A1E7A4F7556}") = "AbstractFileSystem.DbStore.net6.0", "src\AbstractFileSystem.DbStore.net6.0\AbstractFileSystem.DbStore.net6.0.csproj", "{A8D506C5-B845-4CB6-8523-D99FF44D3403}"
EndProject
Project("{2150E333-8FDC-42A3-9474-1A3956D46DE8}") = "targets", "targets", "{93EE981B-624E-4665-82CC-9529EDF513CC}"
EndProject
Project("{2150E333-8FDC-42A3-9474-1A3956D46DE8}") = "demo", "demo", "{078E66FD-E74B-4357-B910-73B4E3EECF2F}"
EndProject
Project("{FAE04EC0-301F-11D3-BF4B-00C04F79EFBC}") = "AbstractFileSystem.Common.net48", "src\AbstractFileSystem.net48\AbstractFileSystem.Common.net48.csproj", "{06AEA37F-6CC1-40D4-AD63-63DA062E8967}"
EndProject
Project("{FAE04EC0-301F-11D3-BF4B-00C04F79EFBC}") = "AbstractFileSystem.Common.net8.0", "src\AbstractFileSystem.net8.0\AbstractFileSystem.Common.net8.0.csproj", "{240D17B6-AECA-430D-9949-BE70F739F7A1}"
EndProject
Project("{FAE04EC0-301F-11D3-BF4B-00C04F79EFBC}") = "AbstractFileSystem.DbStore.net8.0", "src\AbstractFileSystem.DbStore.net8.0\AbstractFileSystem.DbStore.net8.0.csproj", "{C3500392-717E-442A-B335-4B01D667433A}"
EndProject
Project("{FAE04EC0-301F-11D3-BF4B-00C04F79EFBC}") = "AbstractFileSystem.MvcSupport.net8.0", "src\AbstractFileSystem.MvcSupport.net8.0\AbstractFileSystem.MvcSupport.net8.0.csproj", "{957D8F33-8372-4106-9DB2-15FC70518FF4}"
EndProject
Project("{FAE04EC0-301F-11D3-BF4B-00C04F79EFBC}") = "AbstractFileSystem.RepositoryContract.net8.0", "src\AbstractFileSystem.RepositoryContract.net8.0\AbstractFileSystem.RepositoryContract.net8.0.csproj", "{8A885738-568F-490B-A418-B542CA4FECA6}"
EndProject
Project("{FAE04EC0-301F-11D3-BF4B-00C04F79EFBC}") = "AbstractFileSystem.RepositoryContract.net48", "src\AbstractFileSystem.RepositoryContract.net48\AbstractFileSystem.RepositoryContract.net48.csproj", "{725DE55E-0DE0-462D-99EB-27B6A923E192}"
EndProject
Project("{FAE04EC0-301F-11D3-BF4B-00C04F79EFBC}") = "AbstractFileSystem.WinFormsClient.net48", "src\AbstractFileSystem.WinFormsClient.net48\AbstractFileSystem.WinFormsClient.net48.csproj", "{95D05FFA-B40B-4903-B458-84EE3571DE8B}"
EndProject
Project("{FAE04EC0-301F-11D3-BF4B-00C04F79EFBC}") = "AbstractFileSystem.WinFormsClient.net8.0", "src\AbstractFileSystem.WinFormsClient.net8.0\AbstractFileSystem.WinFormsClient.net8.0.csproj", "{F9BFDACE-1C26-44C7-9DE3-0CA41597048E}"
EndProject
Project("{FAE04EC0-301F-11D3-BF4B-00C04F79EFBC}") = "DemoWebService", "test\AbstractFileSystem.DemoWebService\DemoWebService.csproj", "{1C3CB610-A739-4F1D-9859-D3B87AD48F7E}"
EndProject
Global
	GlobalSection(SolutionConfigurationPlatforms) = preSolution
		Debug|Any CPU = Debug|Any CPU
		Debug|x64 = Debug|x64
		Debug|x86 = Debug|x86
		Release|Any CPU = Release|Any CPU
		Release|x64 = Release|x64
		Release|x86 = Release|x86
	EndGlobalSection
	GlobalSection(ProjectConfigurationPlatforms) = postSolution
		{B0BA06FE-6437-4B9E-8C76-3ADFC8D191D2}.Debug|Any CPU.ActiveCfg = Debug|Any CPU
		{B0BA06FE-6437-4B9E-8C76-3ADFC8D191D2}.Debug|Any CPU.Build.0 = Debug|Any CPU
		{B0BA06FE-6437-4B9E-8C76-3ADFC8D191D2}.Debug|x64.ActiveCfg = Debug|Any CPU
		{B0BA06FE-6437-4B9E-8C76-3ADFC8D191D2}.Debug|x64.Build.0 = Debug|Any CPU
		{B0BA06FE-6437-4B9E-8C76-3ADFC8D191D2}.Debug|x86.ActiveCfg = Debug|Any CPU
		{B0BA06FE-6437-4B9E-8C76-3ADFC8D191D2}.Debug|x86.Build.0 = Debug|Any CPU
		{B0BA06FE-6437-4B9E-8C76-3ADFC8D191D2}.Release|Any CPU.ActiveCfg = Release|Any CPU
		{B0BA06FE-6437-4B9E-8C76-3ADFC8D191D2}.Release|Any CPU.Build.0 = Release|Any CPU
		{B0BA06FE-6437-4B9E-8C76-3ADFC8D191D2}.Release|x64.ActiveCfg = Release|Any CPU
		{B0BA06FE-6437-4B9E-8C76-3ADFC8D191D2}.Release|x64.Build.0 = Release|Any CPU
		{B0BA06FE-6437-4B9E-8C76-3ADFC8D191D2}.Release|x86.ActiveCfg = Release|Any CPU
		{B0BA06FE-6437-4B9E-8C76-3ADFC8D191D2}.Release|x86.Build.0 = Release|Any CPU
		{A6925214-F00D-4F5B-8C3A-60343769A83E}.Debug|Any CPU.ActiveCfg = Debug|Any CPU
		{A6925214-F00D-4F5B-8C3A-60343769A83E}.Debug|Any CPU.Build.0 = Debug|Any CPU
		{A6925214-F00D-4F5B-8C3A-60343769A83E}.Debug|x64.ActiveCfg = Debug|Any CPU
		{A6925214-F00D-4F5B-8C3A-60343769A83E}.Debug|x64.Build.0 = Debug|Any CPU
		{A6925214-F00D-4F5B-8C3A-60343769A83E}.Debug|x86.ActiveCfg = Debug|Any CPU
		{A6925214-F00D-4F5B-8C3A-60343769A83E}.Debug|x86.Build.0 = Debug|Any CPU
		{A6925214-F00D-4F5B-8C3A-60343769A83E}.Release|Any CPU.ActiveCfg = Release|Any CPU
		{A6925214-F00D-4F5B-8C3A-60343769A83E}.Release|Any CPU.Build.0 = Release|Any CPU
		{A6925214-F00D-4F5B-8C3A-60343769A83E}.Release|x64.ActiveCfg = Release|Any CPU
		{A6925214-F00D-4F5B-8C3A-60343769A83E}.Release|x64.Build.0 = Release|Any CPU
		{A6925214-F00D-4F5B-8C3A-60343769A83E}.Release|x86.ActiveCfg = Release|Any CPU
		{A6925214-F00D-4F5B-8C3A-60343769A83E}.Release|x86.Build.0 = Release|Any CPU
		{D0B8734C-340F-4B2A-80EE-C00AFDD59E13}.Debug|Any CPU.ActiveCfg = Debug|Any CPU
		{D0B8734C-340F-4B2A-80EE-C00AFDD59E13}.Debug|Any CPU.Build.0 = Debug|Any CPU
		{D0B8734C-340F-4B2A-80EE-C00AFDD59E13}.Debug|x64.ActiveCfg = Debug|Any CPU
		{D0B8734C-340F-4B2A-80EE-C00AFDD59E13}.Debug|x64.Build.0 = Debug|Any CPU
		{D0B8734C-340F-4B2A-80EE-C00AFDD59E13}.Debug|x86.ActiveCfg = Debug|Any CPU
		{D0B8734C-340F-4B2A-80EE-C00AFDD59E13}.Debug|x86.Build.0 = Debug|Any CPU
		{D0B8734C-340F-4B2A-80EE-C00AFDD59E13}.Release|Any CPU.ActiveCfg = Release|Any CPU
		{D0B8734C-340F-4B2A-80EE-C00AFDD59E13}.Release|Any CPU.Build.0 = Release|Any CPU
		{D0B8734C-340F-4B2A-80EE-C00AFDD59E13}.Release|x64.ActiveCfg = Release|Any CPU
		{D0B8734C-340F-4B2A-80EE-C00AFDD59E13}.Release|x64.Build.0 = Release|Any CPU
		{D0B8734C-340F-4B2A-80EE-C00AFDD59E13}.Release|x86.ActiveCfg = Release|Any CPU
		{D0B8734C-340F-4B2A-80EE-C00AFDD59E13}.Release|x86.Build.0 = Release|Any CPU
		{4AF041BF-8D36-46D6-9E83-737231CFCB26}.Debug|Any CPU.ActiveCfg = Debug|Any CPU
		{4AF041BF-8D36-46D6-9E83-737231CFCB26}.Debug|Any CPU.Build.0 = Debug|Any CPU
		{4AF041BF-8D36-46D6-9E83-737231CFCB26}.Debug|x64.ActiveCfg = Debug|Any CPU
		{4AF041BF-8D36-46D6-9E83-737231CFCB26}.Debug|x64.Build.0 = Debug|Any CPU
		{4AF041BF-8D36-46D6-9E83-737231CFCB26}.Debug|x86.ActiveCfg = Debug|Any CPU
		{4AF041BF-8D36-46D6-9E83-737231CFCB26}.Debug|x86.Build.0 = Debug|Any CPU
		{4AF041BF-8D36-46D6-9E83-737231CFCB26}.Release|Any CPU.ActiveCfg = Release|Any CPU
		{4AF041BF-8D36-46D6-9E83-737231CFCB26}.Release|Any CPU.Build.0 = Release|Any CPU
		{4AF041BF-8D36-46D6-9E83-737231CFCB26}.Release|x64.ActiveCfg = Release|Any CPU
		{4AF041BF-8D36-46D6-9E83-737231CFCB26}.Release|x64.Build.0 = Release|Any CPU
		{4AF041BF-8D36-46D6-9E83-737231CFCB26}.Release|x86.ActiveCfg = Release|Any CPU
		{4AF041BF-8D36-46D6-9E83-737231CFCB26}.Release|x86.Build.0 = Release|Any CPU
		{3E8C91F2-37BE-409C-89A7-02DA48C0BE5F}.Debug|Any CPU.ActiveCfg = Debug|x86
		{3E8C91F2-37BE-409C-89A7-02DA48C0BE5F}.Debug|Any CPU.Build.0 = Debug|x86
		{3E8C91F2-37BE-409C-89A7-02DA48C0BE5F}.Debug|x64.ActiveCfg = Debug|x64
		{3E8C91F2-37BE-409C-89A7-02DA48C0BE5F}.Debug|x64.Build.0 = Debug|x64
		{3E8C91F2-37BE-409C-89A7-02DA48C0BE5F}.Debug|x86.ActiveCfg = Debug|x86
		{3E8C91F2-37BE-409C-89A7-02DA48C0BE5F}.Debug|x86.Build.0 = Debug|x86
		{3E8C91F2-37BE-409C-89A7-02DA48C0BE5F}.Release|Any CPU.ActiveCfg = Release|x86
		{3E8C91F2-37BE-409C-89A7-02DA48C0BE5F}.Release|x64.ActiveCfg = Release|x64
		{3E8C91F2-37BE-409C-89A7-02DA48C0BE5F}.Release|x64.Build.0 = Release|x64
		{3E8C91F2-37BE-409C-89A7-02DA48C0BE5F}.Release|x86.ActiveCfg = Release|x86
		{3E8C91F2-37BE-409C-89A7-02DA48C0BE5F}.Release|x86.Build.0 = Release|x86
		{2D7DE462-5FEA-4E11-8DE1-6A4AA996D245}.Debug|Any CPU.ActiveCfg = Debug|Any CPU
		{2D7DE462-5FEA-4E11-8DE1-6A4AA996D245}.Debug|Any CPU.Build.0 = Debug|Any CPU
		{2D7DE462-5FEA-4E11-8DE1-6A4AA996D245}.Debug|x64.ActiveCfg = Debug|x64
		{2D7DE462-5FEA-4E11-8DE1-6A4AA996D245}.Debug|x64.Build.0 = Debug|x64
		{2D7DE462-5FEA-4E11-8DE1-6A4AA996D245}.Debug|x86.ActiveCfg = Debug|x86
		{2D7DE462-5FEA-4E11-8DE1-6A4AA996D245}.Debug|x86.Build.0 = Debug|x86
		{2D7DE462-5FEA-4E11-8DE1-6A4AA996D245}.Release|Any CPU.ActiveCfg = Release|Any CPU
		{2D7DE462-5FEA-4E11-8DE1-6A4AA996D245}.Release|Any CPU.Build.0 = Release|Any CPU
		{2D7DE462-5FEA-4E11-8DE1-6A4AA996D245}.Release|x64.ActiveCfg = Release|Any CPU
		{2D7DE462-5FEA-4E11-8DE1-6A4AA996D245}.Release|x64.Build.0 = Release|Any CPU
		{2D7DE462-5FEA-4E11-8DE1-6A4AA996D245}.Release|x86.ActiveCfg = Release|Any CPU
		{2D7DE462-5FEA-4E11-8DE1-6A4AA996D245}.Release|x86.Build.0 = Release|Any CPU
		{DCDC3890-1E78-43E6-8ECD-EA77458BDDCE}.Debug|Any CPU.ActiveCfg = Debug|Any CPU
		{DCDC3890-1E78-43E6-8ECD-EA77458BDDCE}.Debug|Any CPU.Build.0 = Debug|Any CPU
		{DCDC3890-1E78-43E6-8ECD-EA77458BDDCE}.Debug|x64.ActiveCfg = Debug|x64
		{DCDC3890-1E78-43E6-8ECD-EA77458BDDCE}.Debug|x64.Build.0 = Debug|x64
		{DCDC3890-1E78-43E6-8ECD-EA77458BDDCE}.Debug|x86.ActiveCfg = Debug|x86
		{DCDC3890-1E78-43E6-8ECD-EA77458BDDCE}.Debug|x86.Build.0 = Debug|x86
		{DCDC3890-1E78-43E6-8ECD-EA77458BDDCE}.Release|Any CPU.ActiveCfg = Release|Any CPU
		{DCDC3890-1E78-43E6-8ECD-EA77458BDDCE}.Release|Any CPU.Build.0 = Release|Any CPU
		{DCDC3890-1E78-43E6-8ECD-EA77458BDDCE}.Release|x64.ActiveCfg = Release|Any CPU
		{DCDC3890-1E78-43E6-8ECD-EA77458BDDCE}.Release|x64.Build.0 = Release|Any CPU
		{DCDC3890-1E78-43E6-8ECD-EA77458BDDCE}.Release|x86.ActiveCfg = Release|Any CPU
		{DCDC3890-1E78-43E6-8ECD-EA77458BDDCE}.Release|x86.Build.0 = Release|Any CPU
		{7FF622CA-2075-4983-8CED-24FD4F4FE14B}.Debug|Any CPU.ActiveCfg = Debug|Any CPU
		{7FF622CA-2075-4983-8CED-24FD4F4FE14B}.Debug|Any CPU.Build.0 = Debug|Any CPU
		{7FF622CA-2075-4983-8CED-24FD4F4FE14B}.Debug|x64.ActiveCfg = Debug|Any CPU
		{7FF622CA-2075-4983-8CED-24FD4F4FE14B}.Debug|x64.Build.0 = Debug|Any CPU
		{7FF622CA-2075-4983-8CED-24FD4F4FE14B}.Debug|x86.ActiveCfg = Debug|Any CPU
		{7FF622CA-2075-4983-8CED-24FD4F4FE14B}.Debug|x86.Build.0 = Debug|Any CPU
		{7FF622CA-2075-4983-8CED-24FD4F4FE14B}.Release|Any CPU.ActiveCfg = Release|Any CPU
		{7FF622CA-2075-4983-8CED-24FD4F4FE14B}.Release|Any CPU.Build.0 = Release|Any CPU
		{7FF622CA-2075-4983-8CED-24FD4F4FE14B}.Release|x64.ActiveCfg = Release|Any CPU
		{7FF622CA-2075-4983-8CED-24FD4F4FE14B}.Release|x64.Build.0 = Release|Any CPU
		{7FF622CA-2075-4983-8CED-24FD4F4FE14B}.Release|x86.ActiveCfg = Release|Any CPU
		{7FF622CA-2075-4983-8CED-24FD4F4FE14B}.Release|x86.Build.0 = Release|Any CPU
		{AE731142-0FD6-467B-9A4A-5CDB74CCA95E}.Debug|Any CPU.ActiveCfg = Debug|Any CPU
		{AE731142-0FD6-467B-9A4A-5CDB74CCA95E}.Debug|Any CPU.Build.0 = Debug|Any CPU
		{AE731142-0FD6-467B-9A4A-5CDB74CCA95E}.Debug|x64.ActiveCfg = Debug|Any CPU
		{AE731142-0FD6-467B-9A4A-5CDB74CCA95E}.Debug|x64.Build.0 = Debug|Any CPU
		{AE731142-0FD6-467B-9A4A-5CDB74CCA95E}.Debug|x86.ActiveCfg = Debug|Any CPU
		{AE731142-0FD6-467B-9A4A-5CDB74CCA95E}.Debug|x86.Build.0 = Debug|Any CPU
		{AE731142-0FD6-467B-9A4A-5CDB74CCA95E}.Release|Any CPU.ActiveCfg = Release|Any CPU
		{AE731142-0FD6-467B-9A4A-5CDB74CCA95E}.Release|Any CPU.Build.0 = Release|Any CPU
		{AE731142-0FD6-467B-9A4A-5CDB74CCA95E}.Release|x64.ActiveCfg = Release|Any CPU
		{AE731142-0FD6-467B-9A4A-5CDB74CCA95E}.Release|x64.Build.0 = Release|Any CPU
		{AE731142-0FD6-467B-9A4A-5CDB74CCA95E}.Release|x86.ActiveCfg = Release|Any CPU
		{AE731142-0FD6-467B-9A4A-5CDB74CCA95E}.Release|x86.Build.0 = Release|Any CPU
		{EA7C2C8A-1C5C-4B37-9AC8-14DCF5D3CF48}.Debug|Any CPU.ActiveCfg = Debug|Any CPU
		{EA7C2C8A-1C5C-4B37-9AC8-14DCF5D3CF48}.Debug|Any CPU.Build.0 = Debug|Any CPU
		{EA7C2C8A-1C5C-4B37-9AC8-14DCF5D3CF48}.Debug|x64.ActiveCfg = Debug|Any CPU
		{EA7C2C8A-1C5C-4B37-9AC8-14DCF5D3CF48}.Debug|x64.Build.0 = Debug|Any CPU
		{EA7C2C8A-1C5C-4B37-9AC8-14DCF5D3CF48}.Debug|x86.ActiveCfg = Debug|Any CPU
		{EA7C2C8A-1C5C-4B37-9AC8-14DCF5D3CF48}.Debug|x86.Build.0 = Debug|Any CPU
		{EA7C2C8A-1C5C-4B37-9AC8-14DCF5D3CF48}.Release|Any CPU.ActiveCfg = Release|Any CPU
		{EA7C2C8A-1C5C-4B37-9AC8-14DCF5D3CF48}.Release|Any CPU.Build.0 = Release|Any CPU
		{EA7C2C8A-1C5C-4B37-9AC8-14DCF5D3CF48}.Release|x64.ActiveCfg = Release|Any CPU
		{EA7C2C8A-1C5C-4B37-9AC8-14DCF5D3CF48}.Release|x64.Build.0 = Release|Any CPU
		{EA7C2C8A-1C5C-4B37-9AC8-14DCF5D3CF48}.Release|x86.ActiveCfg = Release|Any CPU
		{EA7C2C8A-1C5C-4B37-9AC8-14DCF5D3CF48}.Release|x86.Build.0 = Release|Any CPU
		{827BDD27-C32B-4BB4-B6E4-6914C953AE2D}.Debug|Any CPU.ActiveCfg = Debug|Any CPU
		{827BDD27-C32B-4BB4-B6E4-6914C953AE2D}.Debug|Any CPU.Build.0 = Debug|Any CPU
		{827BDD27-C32B-4BB4-B6E4-6914C953AE2D}.Debug|x64.ActiveCfg = Debug|Any CPU
		{827BDD27-C32B-4BB4-B6E4-6914C953AE2D}.Debug|x64.Build.0 = Debug|Any CPU
		{827BDD27-C32B-4BB4-B6E4-6914C953AE2D}.Debug|x86.ActiveCfg = Debug|Any CPU
		{827BDD27-C32B-4BB4-B6E4-6914C953AE2D}.Debug|x86.Build.0 = Debug|Any CPU
		{827BDD27-C32B-4BB4-B6E4-6914C953AE2D}.Release|Any CPU.ActiveCfg = Release|Any CPU
		{827BDD27-C32B-4BB4-B6E4-6914C953AE2D}.Release|Any CPU.Build.0 = Release|Any CPU
		{827BDD27-C32B-4BB4-B6E4-6914C953AE2D}.Release|x64.ActiveCfg = Release|Any CPU
		{827BDD27-C32B-4BB4-B6E4-6914C953AE2D}.Release|x64.Build.0 = Release|Any CPU
		{827BDD27-C32B-4BB4-B6E4-6914C953AE2D}.Release|x86.ActiveCfg = Release|Any CPU
		{827BDD27-C32B-4BB4-B6E4-6914C953AE2D}.Release|x86.Build.0 = Release|Any CPU
		{A8D506C5-B845-4CB6-8523-D99FF44D3403}.Debug|Any CPU.ActiveCfg = Debug|Any CPU
		{A8D506C5-B845-4CB6-8523-D99FF44D3403}.Debug|Any CPU.Build.0 = Debug|Any CPU
		{A8D506C5-B845-4CB6-8523-D99FF44D3403}.Debug|x64.ActiveCfg = Debug|Any CPU
		{A8D506C5-B845-4CB6-8523-D99FF44D3403}.Debug|x64.Build.0 = Debug|Any CPU
		{A8D506C5-B845-4CB6-8523-D99FF44D3403}.Debug|x86.ActiveCfg = Debug|Any CPU
		{A8D506C5-B845-4CB6-8523-D99FF44D3403}.Debug|x86.Build.0 = Debug|Any CPU
		{A8D506C5-B845-4CB6-8523-D99FF44D3403}.Release|Any CPU.ActiveCfg = Release|Any CPU
		{A8D506C5-B845-4CB6-8523-D99FF44D3403}.Release|Any CPU.Build.0 = Release|Any CPU
		{A8D506C5-B845-4CB6-8523-D99FF44D3403}.Release|x64.ActiveCfg = Release|Any CPU
		{A8D506C5-B845-4CB6-8523-D99FF44D3403}.Release|x64.Build.0 = Release|Any CPU
		{A8D506C5-B845-4CB6-8523-D99FF44D3403}.Release|x86.ActiveCfg = Release|Any CPU
		{A8D506C5-B845-4CB6-8523-D99FF44D3403}.Release|x86.Build.0 = Release|Any CPU
		{06AEA37F-6CC1-40D4-AD63-63DA062E8967}.Debug|Any CPU.ActiveCfg = Debug|Any CPU
		{06AEA37F-6CC1-40D4-AD63-63DA062E8967}.Debug|Any CPU.Build.0 = Debug|Any CPU
		{06AEA37F-6CC1-40D4-AD63-63DA062E8967}.Debug|x64.ActiveCfg = Debug|Any CPU
		{06AEA37F-6CC1-40D4-AD63-63DA062E8967}.Debug|x64.Build.0 = Debug|Any CPU
		{06AEA37F-6CC1-40D4-AD63-63DA062E8967}.Debug|x86.ActiveCfg = Debug|Any CPU
		{06AEA37F-6CC1-40D4-AD63-63DA062E8967}.Debug|x86.Build.0 = Debug|Any CPU
		{06AEA37F-6CC1-40D4-AD63-63DA062E8967}.Release|Any CPU.ActiveCfg = Release|Any CPU
		{06AEA37F-6CC1-40D4-AD63-63DA062E8967}.Release|Any CPU.Build.0 = Release|Any CPU
		{06AEA37F-6CC1-40D4-AD63-63DA062E8967}.Release|x64.ActiveCfg = Release|Any CPU
		{06AEA37F-6CC1-40D4-AD63-63DA062E8967}.Release|x64.Build.0 = Release|Any CPU
		{06AEA37F-6CC1-40D4-AD63-63DA062E8967}.Release|x86.ActiveCfg = Release|Any CPU
		{06AEA37F-6CC1-40D4-AD63-63DA062E8967}.Release|x86.Build.0 = Release|Any CPU
		{240D17B6-AECA-430D-9949-BE70F739F7A1}.Debug|Any CPU.ActiveCfg = Debug|Any CPU
		{240D17B6-AECA-430D-9949-BE70F739F7A1}.Debug|Any CPU.Build.0 = Debug|Any CPU
		{240D17B6-AECA-430D-9949-BE70F739F7A1}.Debug|x64.ActiveCfg = Debug|Any CPU
		{240D17B6-AECA-430D-9949-BE70F739F7A1}.Debug|x64.Build.0 = Debug|Any CPU
		{240D17B6-AECA-430D-9949-BE70F739F7A1}.Debug|x86.ActiveCfg = Debug|Any CPU
		{240D17B6-AECA-430D-9949-BE70F739F7A1}.Debug|x86.Build.0 = Debug|Any CPU
		{240D17B6-AECA-430D-9949-BE70F739F7A1}.Release|Any CPU.ActiveCfg = Release|Any CPU
		{240D17B6-AECA-430D-9949-BE70F739F7A1}.Release|x64.ActiveCfg = Release|Any CPU
		{240D17B6-AECA-430D-9949-BE70F739F7A1}.Release|x64.Build.0 = Release|Any CPU
		{240D17B6-AECA-430D-9949-BE70F739F7A1}.Release|x86.ActiveCfg = Release|Any CPU
		{240D17B6-AECA-430D-9949-BE70F739F7A1}.Release|x86.Build.0 = Release|Any CPU
		{C3500392-717E-442A-B335-4B01D667433A}.Debug|Any CPU.ActiveCfg = Debug|Any CPU
		{C3500392-717E-442A-B335-4B01D667433A}.Debug|Any CPU.Build.0 = Debug|Any CPU
		{C3500392-717E-442A-B335-4B01D667433A}.Debug|x64.ActiveCfg = Debug|Any CPU
		{C3500392-717E-442A-B335-4B01D667433A}.Debug|x64.Build.0 = Debug|Any CPU
		{C3500392-717E-442A-B335-4B01D667433A}.Debug|x86.ActiveCfg = Debug|Any CPU
		{C3500392-717E-442A-B335-4B01D667433A}.Debug|x86.Build.0 = Debug|Any CPU
		{C3500392-717E-442A-B335-4B01D667433A}.Release|Any CPU.ActiveCfg = Release|Any CPU
		{C3500392-717E-442A-B335-4B01D667433A}.Release|x64.ActiveCfg = Release|Any CPU
		{C3500392-717E-442A-B335-4B01D667433A}.Release|x64.Build.0 = Release|Any CPU
		{C3500392-717E-442A-B335-4B01D667433A}.Release|x86.ActiveCfg = Release|Any CPU
		{C3500392-717E-442A-B335-4B01D667433A}.Release|x86.Build.0 = Release|Any CPU
		{957D8F33-8372-4106-9DB2-15FC70518FF4}.Debug|Any CPU.ActiveCfg = Debug|Any CPU
		{957D8F33-8372-4106-9DB2-15FC70518FF4}.Debug|Any CPU.Build.0 = Debug|Any CPU
		{957D8F33-8372-4106-9DB2-15FC70518FF4}.Debug|x64.ActiveCfg = Debug|Any CPU
		{957D8F33-8372-4106-9DB2-15FC70518FF4}.Debug|x64.Build.0 = Debug|Any CPU
		{957D8F33-8372-4106-9DB2-15FC70518FF4}.Debug|x86.ActiveCfg = Debug|Any CPU
		{957D8F33-8372-4106-9DB2-15FC70518FF4}.Debug|x86.Build.0 = Debug|Any CPU
		{957D8F33-8372-4106-9DB2-15FC70518FF4}.Release|Any CPU.ActiveCfg = Release|Any CPU
		{957D8F33-8372-4106-9DB2-15FC70518FF4}.Release|x64.ActiveCfg = Release|Any CPU
		{957D8F33-8372-4106-9DB2-15FC70518FF4}.Release|x64.Build.0 = Release|Any CPU
		{957D8F33-8372-4106-9DB2-15FC70518FF4}.Release|x86.ActiveCfg = Release|Any CPU
		{957D8F33-8372-4106-9DB2-15FC70518FF4}.Release|x86.Build.0 = Release|Any CPU
		{8A885738-568F-490B-A418-B542CA4FECA6}.Debug|Any CPU.ActiveCfg = Debug|Any CPU
		{8A885738-568F-490B-A418-B542CA4FECA6}.Debug|Any CPU.Build.0 = Debug|Any CPU
		{8A885738-568F-490B-A418-B542CA4FECA6}.Debug|x64.ActiveCfg = Debug|Any CPU
		{8A885738-568F-490B-A418-B542CA4FECA6}.Debug|x64.Build.0 = Debug|Any CPU
		{8A885738-568F-490B-A418-B542CA4FECA6}.Debug|x86.ActiveCfg = Debug|Any CPU
		{8A885738-568F-490B-A418-B542CA4FECA6}.Debug|x86.Build.0 = Debug|Any CPU
		{8A885738-568F-490B-A418-B542CA4FECA6}.Release|Any CPU.ActiveCfg = Release|Any CPU
		{8A885738-568F-490B-A418-B542CA4FECA6}.Release|x64.ActiveCfg = Release|Any CPU
		{8A885738-568F-490B-A418-B542CA4FECA6}.Release|x64.Build.0 = Release|Any CPU
		{8A885738-568F-490B-A418-B542CA4FECA6}.Release|x86.ActiveCfg = Release|Any CPU
		{8A885738-568F-490B-A418-B542CA4FECA6}.Release|x86.Build.0 = Release|Any CPU
		{725DE55E-0DE0-462D-99EB-27B6A923E192}.Debug|Any CPU.ActiveCfg = Debug|Any CPU
		{725DE55E-0DE0-462D-99EB-27B6A923E192}.Debug|Any CPU.Build.0 = Debug|Any CPU
		{725DE55E-0DE0-462D-99EB-27B6A923E192}.Debug|x64.ActiveCfg = Debug|Any CPU
		{725DE55E-0DE0-462D-99EB-27B6A923E192}.Debug|x64.Build.0 = Debug|Any CPU
		{725DE55E-0DE0-462D-99EB-27B6A923E192}.Debug|x86.ActiveCfg = Debug|Any CPU
		{725DE55E-0DE0-462D-99EB-27B6A923E192}.Debug|x86.Build.0 = Debug|Any CPU
		{725DE55E-0DE0-462D-99EB-27B6A923E192}.Release|Any CPU.ActiveCfg = Release|Any CPU
		{725DE55E-0DE0-462D-99EB-27B6A923E192}.Release|Any CPU.Build.0 = Release|Any CPU
		{725DE55E-0DE0-462D-99EB-27B6A923E192}.Release|x64.ActiveCfg = Release|Any CPU
		{725DE55E-0DE0-462D-99EB-27B6A923E192}.Release|x64.Build.0 = Release|Any CPU
		{725DE55E-0DE0-462D-99EB-27B6A923E192}.Release|x86.ActiveCfg = Release|Any CPU
		{725DE55E-0DE0-462D-99EB-27B6A923E192}.Release|x86.Build.0 = Release|Any CPU
		{95D05FFA-B40B-4903-B458-84EE3571DE8B}.Debug|Any CPU.ActiveCfg = Debug|Any CPU
		{95D05FFA-B40B-4903-B458-84EE3571DE8B}.Debug|Any CPU.Build.0 = Debug|Any CPU
		{95D05FFA-B40B-4903-B458-84EE3571DE8B}.Debug|x64.ActiveCfg = Debug|x64
		{95D05FFA-B40B-4903-B458-84EE3571DE8B}.Debug|x64.Build.0 = Debug|x64
		{95D05FFA-B40B-4903-B458-84EE3571DE8B}.Debug|x86.ActiveCfg = Debug|x86
		{95D05FFA-B40B-4903-B458-84EE3571DE8B}.Debug|x86.Build.0 = Debug|x86
		{95D05FFA-B40B-4903-B458-84EE3571DE8B}.Release|Any CPU.ActiveCfg = Release|Any CPU
		{95D05FFA-B40B-4903-B458-84EE3571DE8B}.Release|Any CPU.Build.0 = Release|Any CPU
		{95D05FFA-B40B-4903-B458-84EE3571DE8B}.Release|x64.ActiveCfg = Release|x64
		{95D05FFA-B40B-4903-B458-84EE3571DE8B}.Release|x64.Build.0 = Release|x64
		{95D05FFA-B40B-4903-B458-84EE3571DE8B}.Release|x86.ActiveCfg = Release|x86
		{95D05FFA-B40B-4903-B458-84EE3571DE8B}.Release|x86.Build.0 = Release|x86
		{F9BFDACE-1C26-44C7-9DE3-0CA41597048E}.Debug|Any CPU.ActiveCfg = Debug|Any CPU
		{F9BFDACE-1C26-44C7-9DE3-0CA41597048E}.Debug|Any CPU.Build.0 = Debug|Any CPU
		{F9BFDACE-1C26-44C7-9DE3-0CA41597048E}.Debug|x64.ActiveCfg = Debug|x64
		{F9BFDACE-1C26-44C7-9DE3-0CA41597048E}.Debug|x64.Build.0 = Debug|x64
		{F9BFDACE-1C26-44C7-9DE3-0CA41597048E}.Debug|x86.ActiveCfg = Debug|x86
		{F9BFDACE-1C26-44C7-9DE3-0CA41597048E}.Debug|x86.Build.0 = Debug|x86
		{F9BFDACE-1C26-44C7-9DE3-0CA41597048E}.Release|Any CPU.ActiveCfg = Release|Any CPU
		{F9BFDACE-1C26-44C7-9DE3-0CA41597048E}.Release|x64.ActiveCfg = Release|x64
		{F9BFDACE-1C26-44C7-9DE3-0CA41597048E}.Release|x64.Build.0 = Release|x64
		{F9BFDACE-1C26-44C7-9DE3-0CA41597048E}.Release|x86.ActiveCfg = Release|x86
		{F9BFDACE-1C26-44C7-9DE3-0CA41597048E}.Release|x86.Build.0 = Release|x86
		{1C3CB610-A739-4F1D-9859-D3B87AD48F7E}.Debug|Any CPU.ActiveCfg = Debug|Any CPU
		{1C3CB610-A739-4F1D-9859-D3B87AD48F7E}.Debug|Any CPU.Build.0 = Debug|Any CPU
		{1C3CB610-A739-4F1D-9859-D3B87AD48F7E}.Debug|x64.ActiveCfg = Debug|Any CPU
		{1C3CB610-A739-4F1D-9859-D3B87AD48F7E}.Debug|x64.Build.0 = Debug|Any CPU
		{1C3CB610-A739-4F1D-9859-D3B87AD48F7E}.Debug|x86.ActiveCfg = Debug|Any CPU
		{1C3CB610-A739-4F1D-9859-D3B87AD48F7E}.Debug|x86.Build.0 = Debug|Any CPU
		{1C3CB610-A739-4F1D-9859-D3B87AD48F7E}.Release|Any CPU.ActiveCfg = Release|Any CPU
		{1C3CB610-A739-4F1D-9859-D3B87AD48F7E}.Release|Any CPU.Build.0 = Release|Any CPU
		{1C3CB610-A739-4F1D-9859-D3B87AD48F7E}.Release|x64.ActiveCfg = Release|Any CPU
		{1C3CB610-A739-4F1D-9859-D3B87AD48F7E}.Release|x64.Build.0 = Release|Any CPU
		{1C3CB610-A739-4F1D-9859-D3B87AD48F7E}.Release|x86.ActiveCfg = Release|Any CPU
		{1C3CB610-A739-4F1D-9859-D3B87AD48F7E}.Release|x86.Build.0 = Release|Any CPU
	EndGlobalSection
	GlobalSection(SolutionProperties) = preSolution
		HideSolutionNode = FALSE
	EndGlobalSection
	GlobalSection(NestedProjects) = preSolution
		{CF0A161A-99BA-4F01-AF5E-16C6FCBC85AE} = {EFB5135D-039A-4D92-8FDD-9EA5D070F991}
		{B0BA06FE-6437-4B9E-8C76-3ADFC8D191D2} = {ADA576B9-92C4-4C75-9605-06023D1026B2}
		{5E17C8E8-0BC8-4F7C-A022-C8104A415628} = {C5272353-539E-4138-93FD-9DF437F6DA47}
		{A6925214-F00D-4F5B-8C3A-60343769A83E} = {93EE981B-624E-4665-82CC-9529EDF513CC}
		{D0B8734C-340F-4B2A-80EE-C00AFDD59E13} = {93EE981B-624E-4665-82CC-9529EDF513CC}
		{CF0A161A-99BA-4F01-AF5E-16C6FCBC95AE} = {EFB5135D-039A-4D92-8FDD-9EA5D070F991}
		{ADA576B9-92C4-4C75-9605-06023D1026B2} = {EFB5135D-039A-4D92-8FDD-9EA5D070F991}
		{4AF041BF-8D36-46D6-9E83-737231CFCB26} = {ADA576B9-92C4-4C75-9605-06023D1026B2}
		{3E8C91F2-37BE-409C-89A7-02DA48C0BE5F} = {078E66FD-E74B-4357-B910-73B4E3EECF2F}
		{25035403-D38A-4DA2-92FA-845EA4F799A1} = {EFB5135D-039A-4D92-8FDD-9EA5D070F991}
		{2D7DE462-5FEA-4E11-8DE1-6A4AA996D245} = {ADA576B9-92C4-4C75-9605-06023D1026B2}
		{DCDC3890-1E78-43E6-8ECD-EA77458BDDCE} = {ADA576B9-92C4-4C75-9605-06023D1026B2}
		{7FF622CA-2075-4983-8CED-24FD4F4FE14B} = {ADA576B9-92C4-4C75-9605-06023D1026B2}
		{E0BD4A6F-E54E-42D3-A483-05F81472CA39} = {EFB5135D-039A-4D92-8FDD-9EA5D070F991}
		{AE731142-0FD6-467B-9A4A-5CDB74CCA95E} = {ADA576B9-92C4-4C75-9605-06023D1026B2}
		{EA7C2C8A-1C5C-4B37-9AC8-14DCF5D3CF48} = {ADA576B9-92C4-4C75-9605-06023D1026B2}
		{827BDD27-C32B-4BB4-B6E4-6914C953AE2D} = {EFB5135D-039A-4D92-8FDD-9EA5D070F991}
		{CF0A161A-99BA-4F01-AF5F-16C6FCBC95AE} = {EFB5135D-039A-4D92-8FDD-9EA5D070F991}
		{A8D506C5-B845-4CB6-8523-D99FF44D3403} = {ADA576B9-92C4-4C75-9605-06023D1026B2}
		{93EE981B-624E-4665-82CC-9529EDF513CC} = {C5272353-539E-4138-93FD-9DF437F6DA47}
		{06AEA37F-6CC1-40D4-AD63-63DA062E8967} = {ADA576B9-92C4-4C75-9605-06023D1026B2}
		{240D17B6-AECA-430D-9949-BE70F739F7A1} = {ADA576B9-92C4-4C75-9605-06023D1026B2}
		{C3500392-717E-442A-B335-4B01D667433A} = {ADA576B9-92C4-4C75-9605-06023D1026B2}
		{957D8F33-8372-4106-9DB2-15FC70518FF4} = {ADA576B9-92C4-4C75-9605-06023D1026B2}
		{8A885738-568F-490B-A418-B542CA4FECA6} = {ADA576B9-92C4-4C75-9605-06023D1026B2}
		{725DE55E-0DE0-462D-99EB-27B6A923E192} = {ADA576B9-92C4-4C75-9605-06023D1026B2}
		{95D05FFA-B40B-4903-B458-84EE3571DE8B} = {ADA576B9-92C4-4C75-9605-06023D1026B2}
		{F9BFDACE-1C26-44C7-9DE3-0CA41597048E} = {ADA576B9-92C4-4C75-9605-06023D1026B2}
		{1C3CB610-A739-4F1D-9859-D3B87AD48F7E} = {078E66FD-E74B-4357-B910-73B4E3EECF2F}
	EndGlobalSection
	GlobalSection(ExtensibilityGlobals) = postSolution
		SolutionGuid = {D2F37C1D-32F0-4BF2-AAEB-46B9D8C07D23}
	EndGlobalSection
	GlobalSection(SharedMSBuildProjectFiles) = preSolution
		src\AbstractFileSystem\AbstractFileSystem.Common.projitems*{06aea37f-6cc1-40d4-ad63-63da062e8967}*SharedItemsImports = 4
		src\AbstractFileSystem\AbstractFileSystem.Common.projitems*{240d17b6-aeca-430d-9949-be70f739f7a1}*SharedItemsImports = 5
		src\AbstractFileSystem.WinFormsClient\AbstractFileSystem.WinFormsClient.projitems*{25035403-d38a-4da2-92fa-845ea4f799a1}*SharedItemsImports = 13
		src\AbstractFileSystem.WinFormsClient\AbstractFileSystem.WinFormsClient.projitems*{2d7de462-5fea-4e11-8de1-6a4aa996d245}*SharedItemsImports = 5
		src\AbstractFileSystem.MvcSupport\AbstractFileSystem.MvcSupport.projitems*{4af041bf-8d36-46d6-9e83-737231cfcb26}*SharedItemsImports = 5
		test\AbstractFileSystem.Tests\AbstractFileSystem.Tests.projitems*{5e17c8e8-0bc8-4f7c-a022-c8104a415628}*SharedItemsImports = 13
		src\AbstractFileSystem.RepositoryContract\AbstractFileSystem.RepositoryContract.projitems*{725de55e-0de0-462d-99eb-27b6a923e192}*SharedItemsImports = 4
		src\AbstractFileSystem\AbstractFileSystem.Common.projitems*{7ff622ca-2075-4983-8ced-24fd4f4fe14b}*SharedItemsImports = 5
		src\AbstractFileSystem.RepositoryContract\AbstractFileSystem.RepositoryContract.projitems*{8a885738-568f-490b-a418-b542ca4feca6}*SharedItemsImports = 5
		src\AbstractFileSystem.MvcSupport\AbstractFileSystem.MvcSupport.projitems*{957d8f33-8372-4106-9db2-15fc70518ff4}*SharedItemsImports = 5
		src\AbstractFileSystem.WinFormsClient\AbstractFileSystem.WinFormsClient.projitems*{95d05ffa-b40b-4903-b458-84ee3571de8b}*SharedItemsImports = 4
		test\AbstractFileSystem.Tests\AbstractFileSystem.Tests.projitems*{a6925214-f00d-4f5b-8c3a-60343769a83e}*SharedItemsImports = 5
		src\AbstractFileSystem.DbStore\AbstractFileSystem.DbStore.projitems*{a8d506c5-b845-4cb6-8523-d99ff44d3403}*SharedItemsImports = 5
		src\AbstractFileSystem.RepositoryContract\AbstractFileSystem.RepositoryContract.projitems*{ae731142-0fd6-467b-9a4a-5cdb74cca95e}*SharedItemsImports = 5
		src\AbstractFileSystem\AbstractFileSystem.Common.projitems*{b0ba06fe-6437-4b9e-8c76-3adfc8d191d2}*SharedItemsImports = 4
		src\AbstractFileSystem.DbStore\AbstractFileSystem.DbStore.projitems*{c3500392-717e-442a-b335-4b01d667433a}*SharedItemsImports = 5
		src\AbstractFileSystem\AbstractFileSystem.Common.projitems*{cf0a161a-99ba-4f01-af5e-16c6fcbc85ae}*SharedItemsImports = 13
		src\AbstractFileSystem.MvcSupport\AbstractFileSystem.MvcSupport.projitems*{cf0a161a-99ba-4f01-af5e-16c6fcbc95ae}*SharedItemsImports = 13
		src\AbstractFileSystem.DbStore\AbstractFileSystem.DbStore.projitems*{cf0a161a-99ba-4f01-af5f-16c6fcbc95ae}*SharedItemsImports = 13
		test\AbstractFileSystem.Tests\AbstractFileSystem.Tests.projitems*{d0b8734c-340f-4b2a-80ee-c00afdd59e13}*SharedItemsImports = 4
		src\AbstractFileSystem.RepositoryContract\AbstractFileSystem.RepositoryContract.projitems*{e0bd4a6f-e54e-42d3-a483-05f81472ca39}*SharedItemsImports = 13
		src\AbstractFileSystem.RepositoryContract\AbstractFileSystem.RepositoryContract.projitems*{ea7c2c8a-1c5c-4b37-9ac8-14dcf5d3cf48}*SharedItemsImports = 4
		src\AbstractFileSystem.WinFormsClient\AbstractFileSystem.WinFormsClient.projitems*{f9bfdace-1c26-44c7-9de3-0ca41597048e}*SharedItemsImports = 5
	EndGlobalSection
EndGlobal
